// !$*UTF8*$!
{
	archiveVersion = 1;
	classes = {
	};
	objectVersion = 56;
	objects = {

/* Begin PBXBuildFile section */
		E43416D92C606CEE00AB314C /* AppDelegate.m in Sources */ = {isa = PBXBuildFile; fileRef = E43416D82C606CEE00AB314C /* AppDelegate.m */; };
		E43416DC2C606CEE00AB314C /* SceneDelegate.m in Sources */ = {isa = PBXBuildFile; fileRef = E43416DB2C606CEE00AB314C /* SceneDelegate.m */; };
		E43416DF2C606CEE00AB314C /* ViewController.m in Sources */ = {isa = PBXBuildFile; fileRef = E43416DE2C606CEE00AB314C /* ViewController.m */; };
		E43416E22C606CEE00AB314C /* Main.storyboard in Resources */ = {isa = PBXBuildFile; fileRef = E43416E02C606CEE00AB314C /* Main.storyboard */; };
		E43416E42C606CEF00AB314C /* Assets.xcassets in Resources */ = {isa = PBXBuildFile; fileRef = E43416E32C606CEF00AB314C /* Assets.xcassets */; };
		E43416E72C606CEF00AB314C /* LaunchScreen.storyboard in Resources */ = {isa = PBXBuildFile; fileRef = E43416E52C606CEF00AB314C /* LaunchScreen.storyboard */; };
		E43416EA2C606CEF00AB314C /* main.m in Sources */ = {isa = PBXBuildFile; fileRef = E43416E92C606CEF00AB314C /* main.m */; };
		E43416F42C606CEF00AB314C /* MyChannel_V4Tests.m in Sources */ = {isa = PBXBuildFile; fileRef = E43416F32C606CEF00AB314C /* MyChannel_V4Tests.m */; };
		E43416FE2C606CEF00AB314C /* MyChannel_V4UITests.m in Sources */ = {isa = PBXBuildFile; fileRef = E43416FD2C606CEF00AB314C /* MyChannel_V4UITests.m */; };
		E43417002C606CEF00AB314C /* MyChannel_V4UITestsLaunchTests.m in Sources */ = {isa = PBXBuildFile; fileRef = E43416FF2C606CEF00AB314C /* MyChannel_V4UITestsLaunchTests.m */; };
		E434170E2C606D9000AB314C /* MyCollectionViewCell.m in Sources */ = {isa = PBXBuildFile; fileRef = E434170D2C606D9000AB314C /* MyCollectionViewCell.m */; };
		E43417112C606DD400AB314C /* ItemList.m in Sources */ = {isa = PBXBuildFile; fileRef = E43417102C606DD400AB314C /* ItemList.m */; };
		E43417142C606FA400AB314C /* MyChannelDataManager.m in Sources */ = {isa = PBXBuildFile; fileRef = E43417132C606FA400AB314C /* MyChannelDataManager.m */; };
		E43417172C60845200AB314C /* HeaderView.m in Sources */ = {isa = PBXBuildFile; fileRef = E43417162C60845200AB314C /* HeaderView.m */; };
		E434171A2C60846000AB314C /* FooterView.m in Sources */ = {isa = PBXBuildFile; fileRef = E43417192C60846000AB314C /* FooterView.m */; };
/* End PBXBuildFile section */

/* Begin PBXContainerItemProxy section */
		E43416F02C606CEF00AB314C /* PBXContainerItemProxy */ = {
			isa = PBXContainerItemProxy;
			containerPortal = E43416CC2C606CEE00AB314C /* Project object */;
			proxyType = 1;
			remoteGlobalIDString = E43416D32C606CEE00AB314C;
			remoteInfo = "MyChannel-V4";
		};
		E43416FA2C606CEF00AB314C /* PBXContainerItemProxy */ = {
			isa = PBXContainerItemProxy;
			containerPortal = E43416CC2C606CEE00AB314C /* Project object */;
			proxyType = 1;
			remoteGlobalIDString = E43416D32C606CEE00AB314C;
			remoteInfo = "MyChannel-V4";
		};
/* End PBXContainerItemProxy section */

/* Begin PBXFileReference section */
		E43416D42C606CEE00AB314C /* MyChannel-V4.app */ = {isa = PBXFileReference; explicitFileType = wrapper.application; includeInIndex = 0; path = "MyChannel-V4.app"; sourceTree = BUILT_PRODUCTS_DIR; };
		E43416D72C606CEE00AB314C /* AppDelegate.h */ = {isa = PBXFileReference; lastKnownFileType = sourcecode.c.h; path = AppDelegate.h; sourceTree = "<group>"; };
		E43416D82C606CEE00AB314C /* AppDelegate.m */ = {isa = PBXFileReference; lastKnownFileType = sourcecode.c.objc; path = AppDelegate.m; sourceTree = "<group>"; };
		E43416DA2C606CEE00AB314C /* SceneDelegate.h */ = {isa = PBXFileReference; lastKnownFileType = sourcecode.c.h; path = SceneDelegate.h; sourceTree = "<group>"; };
		E43416DB2C606CEE00AB314C /* SceneDelegate.m */ = {isa = PBXFileReference; lastKnownFileType = sourcecode.c.objc; path = SceneDelegate.m; sourceTree = "<group>"; };
		E43416DD2C606CEE00AB314C /* ViewController.h */ = {isa = PBXFileReference; lastKnownFileType = sourcecode.c.h; path = ViewController.h; sourceTree = "<group>"; };
		E43416DE2C606CEE00AB314C /* ViewController.m */ = {isa = PBXFileReference; lastKnownFileType = sourcecode.c.objc; path = ViewController.m; sourceTree = "<group>"; };
		E43416E12C606CEE00AB314C /* Base */ = {isa = PBXFileReference; lastKnownFileType = file.storyboard; name = Base; path = Base.lproj/Main.storyboard; sourceTree = "<group>"; };
		E43416E32C606CEF00AB314C /* Assets.xcassets */ = {isa = PBXFileReference; lastKnownFileType = folder.assetcatalog; path = Assets.xcassets; sourceTree = "<group>"; };
		E43416E62C606CEF00AB314C /* Base */ = {isa = PBXFileReference; lastKnownFileType = file.storyboard; name = Base; path = Base.lproj/LaunchScreen.storyboard; sourceTree = "<group>"; };
		E43416E82C606CEF00AB314C /* Info.plist */ = {isa = PBXFileReference; lastKnownFileType = text.plist.xml; path = Info.plist; sourceTree = "<group>"; };
		E43416E92C606CEF00AB314C /* main.m */ = {isa = PBXFileReference; lastKnownFileType = sourcecode.c.objc; path = main.m; sourceTree = "<group>"; };
		E43416EF2C606CEF00AB314C /* MyChannel-V4Tests.xctest */ = {isa = PBXFileReference; explicitFileType = wrapper.cfbundle; includeInIndex = 0; path = "MyChannel-V4Tests.xctest"; sourceTree = BUILT_PRODUCTS_DIR; };
		E43416F32C606CEF00AB314C /* MyChannel_V4Tests.m */ = {isa = PBXFileReference; lastKnownFileType = sourcecode.c.objc; path = MyChannel_V4Tests.m; sourceTree = "<group>"; };
		E43416F92C606CEF00AB314C /* MyChannel-V4UITests.xctest */ = {isa = PBXFileReference; explicitFileType = wrapper.cfbundle; includeInIndex = 0; path = "MyChannel-V4UITests.xctest"; sourceTree = BUILT_PRODUCTS_DIR; };
		E43416FD2C606CEF00AB314C /* MyChannel_V4UITests.m */ = {isa = PBXFileReference; lastKnownFileType = sourcecode.c.objc; path = MyChannel_V4UITests.m; sourceTree = "<group>"; };
		E43416FF2C606CEF00AB314C /* MyChannel_V4UITestsLaunchTests.m */ = {isa = PBXFileReference; lastKnownFileType = sourcecode.c.objc; path = MyChannel_V4UITestsLaunchTests.m; sourceTree = "<group>"; };
		E434170C2C606D9000AB314C /* MyCollectionViewCell.h */ = {isa = PBXFileReference; lastKnownFileType = sourcecode.c.h; path = MyCollectionViewCell.h; sourceTree = "<group>"; };
		E434170D2C606D9000AB314C /* MyCollectionViewCell.m */ = {isa = PBXFileReference; lastKnownFileType = sourcecode.c.objc; path = MyCollectionViewCell.m; sourceTree = "<group>"; };
		E434170F2C606DD400AB314C /* ItemList.h */ = {isa = PBXFileReference; lastKnownFileType = sourcecode.c.h; path = ItemList.h; sourceTree = "<group>"; };
		E43417102C606DD400AB314C /* ItemList.m */ = {isa = PBXFileReference; lastKnownFileType = sourcecode.c.objc; path = ItemList.m; sourceTree = "<group>"; };
		E43417122C606FA400AB314C /* MyChannelDataManager.h */ = {isa = PBXFileReference; lastKnownFileType = sourcecode.c.h; path = MyChannelDataManager.h; sourceTree = "<group>"; };
		E43417132C606FA400AB314C /* MyChannelDataManager.m */ = {isa = PBXFileReference; lastKnownFileType = sourcecode.c.objc; path = MyChannelDataManager.m; sourceTree = "<group>"; };
		E43417152C60845200AB314C /* HeaderView.h */ = {isa = PBXFileReference; lastKnownFileType = sourcecode.c.h; path = HeaderView.h; sourceTree = "<group>"; };
		E43417162C60845200AB314C /* HeaderView.m */ = {isa = PBXFileReference; lastKnownFileType = sourcecode.c.objc; path = HeaderView.m; sourceTree = "<group>"; };
		E43417182C60846000AB314C /* FooterView.h */ = {isa = PBXFileReference; lastKnownFileType = sourcecode.c.h; path = FooterView.h; sourceTree = "<group>"; };
		E43417192C60846000AB314C /* FooterView.m */ = {isa = PBXFileReference; lastKnownFileType = sourcecode.c.objc; path = FooterView.m; sourceTree = "<group>"; };
		E434171B2C60A94300AB314C /* GestureHandlerProtocol.h */ = {isa = PBXFileReference; lastKnownFileType = sourcecode.c.h; path = GestureHandlerProtocol.h; sourceTree = "<group>"; };
/* End PBXFileReference section */

/* Begin PBXFrameworksBuildPhase section */
		E43416D12C606CEE00AB314C /* Frameworks */ = {
			isa = PBXFrameworksBuildPhase;
			buildActionMask = 2147483647;
			files = (
			);
			runOnlyForDeploymentPostprocessing = 0;
		};
		E43416EC2C606CEF00AB314C /* Frameworks */ = {
			isa = PBXFrameworksBuildPhase;
			buildActionMask = 2147483647;
			files = (
			);
			runOnlyForDeploymentPostprocessing = 0;
		};
		E43416F62C606CEF00AB314C /* Frameworks */ = {
			isa = PBXFrameworksBuildPhase;
			buildActionMask = 2147483647;
			files = (
			);
			runOnlyForDeploymentPostprocessing = 0;
		};
/* End PBXFrameworksBuildPhase section */

/* Begin PBXGroup section */
		E43416CB2C606CEE00AB314C = {
			isa = PBXGroup;
			children = (
				E43416D62C606CEE00AB314C /* MyChannel-V4 */,
				E43416F22C606CEF00AB314C /* MyChannel-V4Tests */,
				E43416FC2C606CEF00AB314C /* MyChannel-V4UITests */,
				E43416D52C606CEE00AB314C /* Products */,
			);
			sourceTree = "<group>";
		};
		E43416D52C606CEE00AB314C /* Products */ = {
			isa = PBXGroup;
			children = (
				E43416D42C606CEE00AB314C /* MyChannel-V4.app */,
				E43416EF2C606CEF00AB314C /* MyChannel-V4Tests.xctest */,
				E43416F92C606CEF00AB314C /* MyChannel-V4UITests.xctest */,
			);
			name = Products;
			sourceTree = "<group>";
		};
		E43416D62C606CEE00AB314C /* MyChannel-V4 */ = {
			isa = PBXGroup;
			children = (
				E43416D72C606CEE00AB314C /* AppDelegate.h */,
				E43416D82C606CEE00AB314C /* AppDelegate.m */,
				E43416DA2C606CEE00AB314C /* SceneDelegate.h */,
				E43416DB2C606CEE00AB314C /* SceneDelegate.m */,
				E43416DD2C606CEE00AB314C /* ViewController.h */,
				E43416DE2C606CEE00AB314C /* ViewController.m */,
				E43416E02C606CEE00AB314C /* Main.storyboard */,
				E43416E32C606CEF00AB314C /* Assets.xcassets */,
				E43416E52C606CEF00AB314C /* LaunchScreen.storyboard */,
				E43416E82C606CEF00AB314C /* Info.plist */,
				E43416E92C606CEF00AB314C /* main.m */,
				E434170C2C606D9000AB314C /* MyCollectionViewCell.h */,
				E434170D2C606D9000AB314C /* MyCollectionViewCell.m */,
				E434170F2C606DD400AB314C /* ItemList.h */,
				E43417102C606DD400AB314C /* ItemList.m */,
				E43417122C606FA400AB314C /* MyChannelDataManager.h */,
				E43417132C606FA400AB314C /* MyChannelDataManager.m */,
				E43417152C60845200AB314C /* HeaderView.h */,
				E43417162C60845200AB314C /* HeaderView.m */,
				E43417182C60846000AB314C /* FooterView.h */,
				E43417192C60846000AB314C /* FooterView.m */,
				E434171B2C60A94300AB314C /* GestureHandlerProtocol.h */,
			);
			path = "MyChannel-V4";
			sourceTree = "<group>";
		};
		E43416F22C606CEF00AB314C /* MyChannel-V4Tests */ = {
			isa = PBXGroup;
			children = (
				E43416F32C606CEF00AB314C /* MyChannel_V4Tests.m */,
			);
			path = "MyChannel-V4Tests";
			sourceTree = "<group>";
		};
		E43416FC2C606CEF00AB314C /* MyChannel-V4UITests */ = {
			isa = PBXGroup;
			children = (
				E43416FD2C606CEF00AB314C /* MyChannel_V4UITests.m */,
				E43416FF2C606CEF00AB314C /* MyChannel_V4UITestsLaunchTests.m */,
			);
			path = "MyChannel-V4UITests";
			sourceTree = "<group>";
		};
/* End PBXGroup section */

/* Begin PBXNativeTarget section */
		E43416D32C606CEE00AB314C /* MyChannel-V4 */ = {
			isa = PBXNativeTarget;
			buildConfigurationList = E43417032C606CEF00AB314C /* Build configuration list for PBXNativeTarget "MyChannel-V4" */;
			buildPhases = (
				E43416D02C606CEE00AB314C /* Sources */,
				E43416D12C606CEE00AB314C /* Frameworks */,
				E43416D22C606CEE00AB314C /* Resources */,
			);
			buildRules = (
			);
			dependencies = (
			);
			name = "MyChannel-V4";
			productName = "MyChannel-V4";
			productReference = E43416D42C606CEE00AB314C /* MyChannel-V4.app */;
			productType = "com.apple.product-type.application";
		};
		E43416EE2C606CEF00AB314C /* MyChannel-V4Tests */ = {
			isa = PBXNativeTarget;
			buildConfigurationList = E43417062C606CEF00AB314C /* Build configuration list for PBXNativeTarget "MyChannel-V4Tests" */;
			buildPhases = (
				E43416EB2C606CEF00AB314C /* Sources */,
				E43416EC2C606CEF00AB314C /* Frameworks */,
				E43416ED2C606CEF00AB314C /* Resources */,
			);
			buildRules = (
			);
			dependencies = (
				E43416F12C606CEF00AB314C /* PBXTargetDependency */,
			);
			name = "MyChannel-V4Tests";
			productName = "MyChannel-V4Tests";
			productReference = E43416EF2C606CEF00AB314C /* MyChannel-V4Tests.xctest */;
			productType = "com.apple.product-type.bundle.unit-test";
		};
		E43416F82C606CEF00AB314C /* MyChannel-V4UITests */ = {
			isa = PBXNativeTarget;
			buildConfigurationList = E43417092C606CEF00AB314C /* Build configuration list for PBXNativeTarget "MyChannel-V4UITests" */;
			buildPhases = (
				E43416F52C606CEF00AB314C /* Sources */,
				E43416F62C606CEF00AB314C /* Frameworks */,
				E43416F72C606CEF00AB314C /* Resources */,
			);
			buildRules = (
			);
			dependencies = (
				E43416FB2C606CEF00AB314C /* PBXTargetDependency */,
			);
			name = "MyChannel-V4UITests";
			productName = "MyChannel-V4UITests";
			productReference = E43416F92C606CEF00AB314C /* MyChannel-V4UITests.xctest */;
			productType = "com.apple.product-type.bundle.ui-testing";
		};
/* End PBXNativeTarget section */

/* Begin PBXProject section */
		E43416CC2C606CEE00AB314C /* Project object */ = {
			isa = PBXProject;
			attributes = {
				BuildIndependentTargetsInParallel = 1;
				LastUpgradeCheck = 1510;
				TargetAttributes = {
					E43416D32C606CEE00AB314C = {
						CreatedOnToolsVersion = 15.1;
					};
					E43416EE2C606CEF00AB314C = {
						CreatedOnToolsVersion = 15.1;
						TestTargetID = E43416D32C606CEE00AB314C;
					};
					E43416F82C606CEF00AB314C = {
						CreatedOnToolsVersion = 15.1;
						TestTargetID = E43416D32C606CEE00AB314C;
					};
				};
			};
			buildConfigurationList = E43416CF2C606CEE00AB314C /* Build configuration list for PBXProject "MyChannel-V4" */;
			compatibilityVersion = "Xcode 14.0";
			developmentRegion = en;
			hasScannedForEncodings = 0;
			knownRegions = (
				en,
				Base,
			);
			mainGroup = E43416CB2C606CEE00AB314C;
			productRefGroup = E43416D52C606CEE00AB314C /* Products */;
			projectDirPath = "";
			projectRoot = "";
			targets = (
				E43416D32C606CEE00AB314C /* MyChannel-V4 */,
				E43416EE2C606CEF00AB314C /* MyChannel-V4Tests */,
				E43416F82C606CEF00AB314C /* MyChannel-V4UITests */,
			);
		};
/* End PBXProject section */

/* Begin PBXResourcesBuildPhase section */
		E43416D22C606CEE00AB314C /* Resources */ = {
			isa = PBXResourcesBuildPhase;
			buildActionMask = 2147483647;
			files = (
				E43416E72C606CEF00AB314C /* LaunchScreen.storyboard in Resources */,
				E43416E42C606CEF00AB314C /* Assets.xcassets in Resources */,
				E43416E22C606CEE00AB314C /* Main.storyboard in Resources */,
			);
			runOnlyForDeploymentPostprocessing = 0;
		};
		E43416ED2C606CEF00AB314C /* Resources */ = {
			isa = PBXResourcesBuildPhase;
			buildActionMask = 2147483647;
			files = (
			);
			runOnlyForDeploymentPostprocessing = 0;
		};
		E43416F72C606CEF00AB314C /* Resources */ = {
			isa = PBXResourcesBuildPhase;
			buildActionMask = 2147483647;
			files = (
			);
			runOnlyForDeploymentPostprocessing = 0;
		};
/* End PBXResourcesBuildPhase section */

/* Begin PBXSourcesBuildPhase section */
		E43416D02C606CEE00AB314C /* Sources */ = {
			isa = PBXSourcesBuildPhase;
			buildActionMask = 2147483647;
			files = (
				E434171A2C60846000AB314C /* FooterView.m in Sources */,
				E43416DF2C606CEE00AB314C /* ViewController.m in Sources */,
				E43416D92C606CEE00AB314C /* AppDelegate.m in Sources */,
				E43416EA2C606CEF00AB314C /* main.m in Sources */,
				E43417172C60845200AB314C /* HeaderView.m in Sources */,
				E43416DC2C606CEE00AB314C /* SceneDelegate.m in Sources */,
				E43417112C606DD400AB314C /* ItemList.m in Sources */,
				E43417142C606FA400AB314C /* MyChannelDataManager.m in Sources */,
				E434170E2C606D9000AB314C /* MyCollectionViewCell.m in Sources */,
			);
			runOnlyForDeploymentPostprocessing = 0;
		};
		E43416EB2C606CEF00AB314C /* Sources */ = {
			isa = PBXSourcesBuildPhase;
			buildActionMask = 2147483647;
			files = (
				E43416F42C606CEF00AB314C /* MyChannel_V4Tests.m in Sources */,
			);
			runOnlyForDeploymentPostprocessing = 0;
		};
		E43416F52C606CEF00AB314C /* Sources */ = {
			isa = PBXSourcesBuildPhase;
			buildActionMask = 2147483647;
			files = (
				E43417002C606CEF00AB314C /* MyChannel_V4UITestsLaunchTests.m in Sources */,
				E43416FE2C606CEF00AB314C /* MyChannel_V4UITests.m in Sources */,
			);
			runOnlyForDeploymentPostprocessing = 0;
		};
/* End PBXSourcesBuildPhase section */

/* Begin PBXTargetDependency section */
		E43416F12C606CEF00AB314C /* PBXTargetDependency */ = {
			isa = PBXTargetDependency;
			target = E43416D32C606CEE00AB314C /* MyChannel-V4 */;
			targetProxy = E43416F02C606CEF00AB314C /* PBXContainerItemProxy */;
		};
		E43416FB2C606CEF00AB314C /* PBXTargetDependency */ = {
			isa = PBXTargetDependency;
			target = E43416D32C606CEE00AB314C /* MyChannel-V4 */;
			targetProxy = E43416FA2C606CEF00AB314C /* PBXContainerItemProxy */;
		};
/* End PBXTargetDependency section */

/* Begin PBXVariantGroup section */
		E43416E02C606CEE00AB314C /* Main.storyboard */ = {
			isa = PBXVariantGroup;
			children = (
				E43416E12C606CEE00AB314C /* Base */,
			);
			name = Main.storyboard;
			sourceTree = "<group>";
		};
		E43416E52C606CEF00AB314C /* LaunchScreen.storyboard */ = {
			isa = PBXVariantGroup;
			children = (
				E43416E62C606CEF00AB314C /* Base */,
			);
			name = LaunchScreen.storyboard;
			sourceTree = "<group>";
		};
/* End PBXVariantGroup section */

/* Begin XCBuildConfiguration section */
		E43417012C606CEF00AB314C /* Debug */ = {
			isa = XCBuildConfiguration;
			buildSettings = {
				ALWAYS_SEARCH_USER_PATHS = NO;
				ASSETCATALOG_COMPILER_GENERATE_SWIFT_ASSET_SYMBOL_EXTENSIONS = YES;
				CLANG_ANALYZER_NONNULL = YES;
				CLANG_ANALYZER_NUMBER_OBJECT_CONVERSION = YES_AGGRESSIVE;
				CLANG_CXX_LANGUAGE_STANDARD = "gnu++20";
				CLANG_ENABLE_MODULES = YES;
				CLANG_ENABLE_OBJC_ARC = YES;
				CLANG_ENABLE_OBJC_WEAK = YES;
				CLANG_WARN_BLOCK_CAPTURE_AUTORELEASING = YES;
				CLANG_WARN_BOOL_CONVERSION = YES;
				CLANG_WARN_COMMA = YES;
				CLANG_WARN_CONSTANT_CONVERSION = YES;
				CLANG_WARN_DEPRECATED_OBJC_IMPLEMENTATIONS = YES;
				CLANG_WARN_DIRECT_OBJC_ISA_USAGE = YES_ERROR;
				CLANG_WARN_DOCUMENTATION_COMMENTS = YES;
				CLANG_WARN_EMPTY_BODY = YES;
				CLANG_WARN_ENUM_CONVERSION = YES;
				CLANG_WARN_INFINITE_RECURSION = YES;
				CLANG_WARN_INT_CONVERSION = YES;
				CLANG_WARN_NON_LITERAL_NULL_CONVERSION = YES;
				CLANG_WARN_OBJC_IMPLICIT_RETAIN_SELF = YES;
				CLANG_WARN_OBJC_LITERAL_CONVERSION = YES;
				CLANG_WARN_OBJC_ROOT_CLASS = YES_ERROR;
				CLANG_WARN_QUOTED_INCLUDE_IN_FRAMEWORK_HEADER = YES;
				CLANG_WARN_RANGE_LOOP_ANALYSIS = YES;
				CLANG_WARN_STRICT_PROTOTYPES = YES;
				CLANG_WARN_SUSPICIOUS_MOVE = YES;
				CLANG_WARN_UNGUARDED_AVAILABILITY = YES_AGGRESSIVE;
				CLANG_WARN_UNREACHABLE_CODE = YES;
				CLANG_WARN__DUPLICATE_METHOD_MATCH = YES;
				COPY_PHASE_STRIP = NO;
				DEBUG_INFORMATION_FORMAT = dwarf;
				ENABLE_STRICT_OBJC_MSGSEND = YES;
				ENABLE_TESTABILITY = YES;
				ENABLE_USER_SCRIPT_SANDBOXING = YES;
				GCC_C_LANGUAGE_STANDARD = gnu17;
				GCC_DYNAMIC_NO_PIC = NO;
				GCC_NO_COMMON_BLOCKS = YES;
				GCC_OPTIMIZATION_LEVEL = 0;
				GCC_PREPROCESSOR_DEFINITIONS = (
					"DEBUG=1",
					"$(inherited)",
				);
				GCC_WARN_64_TO_32_BIT_CONVERSION = YES;
				GCC_WARN_ABOUT_RETURN_TYPE = YES_ERROR;
				GCC_WARN_UNDECLARED_SELECTOR = YES;
				GCC_WARN_UNINITIALIZED_AUTOS = YES_AGGRESSIVE;
				GCC_WARN_UNUSED_FUNCTION = YES;
				GCC_WARN_UNUSED_VARIABLE = YES;
				IPHONEOS_DEPLOYMENT_TARGET = 17.2;
				LOCALIZATION_PREFERS_STRING_CATALOGS = YES;
				MTL_ENABLE_DEBUG_INFO = INCLUDE_SOURCE;
				MTL_FAST_MATH = YES;
				ONLY_ACTIVE_ARCH = YES;
				SDKROOT = iphoneos;
			};
			name = Debug;
		};
		E43417022C606CEF00AB314C /* Release */ = {
			isa = XCBuildConfiguration;
			buildSettings = {
				ALWAYS_SEARCH_USER_PATHS = NO;
				ASSETCATALOG_COMPILER_GENERATE_SWIFT_ASSET_SYMBOL_EXTENSIONS = YES;
				CLANG_ANALYZER_NONNULL = YES;
				CLANG_ANALYZER_NUMBER_OBJECT_CONVERSION = YES_AGGRESSIVE;
				CLANG_CXX_LANGUAGE_STANDARD = "gnu++20";
				CLANG_ENABLE_MODULES = YES;
				CLANG_ENABLE_OBJC_ARC = YES;
				CLANG_ENABLE_OBJC_WEAK = YES;
				CLANG_WARN_BLOCK_CAPTURE_AUTORELEASING = YES;
				CLANG_WARN_BOOL_CONVERSION = YES;
				CLANG_WARN_COMMA = YES;
				CLANG_WARN_CONSTANT_CONVERSION = YES;
				CLANG_WARN_DEPRECATED_OBJC_IMPLEMENTATIONS = YES;
				CLANG_WARN_DIRECT_OBJC_ISA_USAGE = YES_ERROR;
				CLANG_WARN_DOCUMENTATION_COMMENTS = YES;
				CLANG_WARN_EMPTY_BODY = YES;
				CLANG_WARN_ENUM_CONVERSION = YES;
				CLANG_WARN_INFINITE_RECURSION = YES;
				CLANG_WARN_INT_CONVERSION = YES;
				CLANG_WARN_NON_LITERAL_NULL_CONVERSION = YES;
				CLANG_WARN_OBJC_IMPLICIT_RETAIN_SELF = YES;
				CLANG_WARN_OBJC_LITERAL_CONVERSION = YES;
				CLANG_WARN_OBJC_ROOT_CLASS = YES_ERROR;
				CLANG_WARN_QUOTED_INCLUDE_IN_FRAMEWORK_HEADER = YES;
				CLANG_WARN_RANGE_LOOP_ANALYSIS = YES;
				CLANG_WARN_STRICT_PROTOTYPES = YES;
				CLANG_WARN_SUSPICIOUS_MOVE = YES;
				CLANG_WARN_UNGUARDED_AVAILABILITY = YES_AGGRESSIVE;
				CLANG_WARN_UNREACHABLE_CODE = YES;
				CLANG_WARN__DUPLICATE_METHOD_MATCH = YES;
				COPY_PHASE_STRIP = NO;
				DEBUG_INFORMATION_FORMAT = "dwarf-with-dsym";
				ENABLE_NS_ASSERTIONS = NO;
				ENABLE_STRICT_OBJC_MSGSEND = YES;
				ENABLE_USER_SCRIPT_SANDBOXING = YES;
				GCC_C_LANGUAGE_STANDARD = gnu17;
				GCC_NO_COMMON_BLOCKS = YES;
				GCC_WARN_64_TO_32_BIT_CONVERSION = YES;
				GCC_WARN_ABOUT_RETURN_TYPE = YES_ERROR;
				GCC_WARN_UNDECLARED_SELECTOR = YES;
				GCC_WARN_UNINITIALIZED_AUTOS = YES_AGGRESSIVE;
				GCC_WARN_UNUSED_FUNCTION = YES;
				GCC_WARN_UNUSED_VARIABLE = YES;
				IPHONEOS_DEPLOYMENT_TARGET = 17.2;
				LOCALIZATION_PREFERS_STRING_CATALOGS = YES;
				MTL_ENABLE_DEBUG_INFO = NO;
				MTL_FAST_MATH = YES;
				SDKROOT = iphoneos;
				VALIDATE_PRODUCT = YES;
			};
			name = Release;
		};
		E43417042C606CEF00AB314C /* Debug */ = {
			isa = XCBuildConfiguration;
			buildSettings = {
				ASSETCATALOG_COMPILER_APPICON_NAME = AppIcon;
				ASSETCATALOG_COMPILER_GLOBAL_ACCENT_COLOR_NAME = AccentColor;
				CODE_SIGN_STYLE = Automatic;
				CURRENT_PROJECT_VERSION = 1;
				GENERATE_INFOPLIST_FILE = YES;
				INFOPLIST_FILE = "MyChannel-V4/Info.plist";
				INFOPLIST_KEY_UIApplicationSupportsIndirectInputEvents = YES;
				INFOPLIST_KEY_UILaunchStoryboardName = LaunchScreen;
				INFOPLIST_KEY_UIMainStoryboardFile = Main;
				INFOPLIST_KEY_UISupportedInterfaceOrientations_iPad = "UIInterfaceOrientationPortrait UIInterfaceOrientationPortraitUpsideDown UIInterfaceOrientationLandscapeLeft UIInterfaceOrientationLandscapeRight";
				INFOPLIST_KEY_UISupportedInterfaceOrientations_iPhone = "UIInterfaceOrientationPortrait UIInterfaceOrientationLandscapeLeft UIInterfaceOrientationLandscapeRight";
				LD_RUNPATH_SEARCH_PATHS = (
					"$(inherited)",
					"@executable_path/Frameworks",
				);
				MARKETING_VERSION = 1.0;
				PRODUCT_BUNDLE_IDENTIFIER = "theo.MyChannel-V4";
				PRODUCT_NAME = "$(TARGET_NAME)";
				SWIFT_EMIT_LOC_STRINGS = YES;
				TARGETED_DEVICE_FAMILY = "1,2";
			};
			name = Debug;
		};
		E43417052C606CEF00AB314C /* Release */ = {
			isa = XCBuildConfiguration;
			buildSettings = {
				ASSETCATALOG_COMPILER_APPICON_NAME = AppIcon;
				ASSETCATALOG_COMPILER_GLOBAL_ACCENT_COLOR_NAME = AccentColor;
				CODE_SIGN_STYLE = Automatic;
				CURRENT_PROJECT_VERSION = 1;
				GENERATE_INFOPLIST_FILE = YES;
				INFOPLIST_FILE = "MyChannel-V4/Info.plist";
				INFOPLIST_KEY_UIApplicationSupportsIndirectInputEvents = YES;
				INFOPLIST_KEY_UILaunchStoryboardName = LaunchScreen;
				INFOPLIST_KEY_UIMainStoryboardFile = Main;
				INFOPLIST_KEY_UISupportedInterfaceOrientations_iPad = "UIInterfaceOrientationPortrait UIInterfaceOrientationPortraitUpsideDown UIInterfaceOrientationLandscapeLeft UIInterfaceOrientationLandscapeRight";
				INFOPLIST_KEY_UISupportedInterfaceOrientations_iPhone = "UIInterfaceOrientationPortrait UIInterfaceOrientationLandscapeLeft UIInterfaceOrientationLandscapeRight";
				LD_RUNPATH_SEARCH_PATHS = (
					"$(inherited)",
					"@executable_path/Frameworks",
				);
				MARKETING_VERSION = 1.0;
				PRODUCT_BUNDLE_IDENTIFIER = "theo.MyChannel-V4";
				PRODUCT_NAME = "$(TARGET_NAME)";
				SWIFT_EMIT_LOC_STRINGS = YES;
				TARGETED_DEVICE_FAMILY = "1,2";
			};
			name = Release;
		};
		E43417072C606CEF00AB314C /* Debug */ = {
			isa = XCBuildConfiguration;
			buildSettings = {
				BUNDLE_LOADER = "$(TEST_HOST)";
				CODE_SIGN_STYLE = Automatic;
				CURRENT_PROJECT_VERSION = 1;
				GENERATE_INFOPLIST_FILE = YES;
				IPHONEOS_DEPLOYMENT_TARGET = 17.2;
				MARKETING_VERSION = 1.0;
				PRODUCT_BUNDLE_IDENTIFIER = "theo.MyChannel-V4Tests";
				PRODUCT_NAME = "$(TARGET_NAME)";
				SWIFT_EMIT_LOC_STRINGS = NO;
				TARGETED_DEVICE_FAMILY = "1,2";
				TEST_HOST = "$(BUILT_PRODUCTS_DIR)/MyChannel-V4.app/$(BUNDLE_EXECUTABLE_FOLDER_PATH)/MyChannel-V4";
			};
			name = Debug;
		};
		E43417082C606CEF00AB314C /* Release */ = {
			isa = XCBuildConfiguration;
			buildSettings = {
				BUNDLE_LOADER = "$(TEST_HOST)";
				CODE_SIGN_STYLE = Automatic;
				CURRENT_PROJECT_VERSION = 1;
				GENERATE_INFOPLIST_FILE = YES;
				IPHONEOS_DEPLOYMENT_TARGET = 17.2;
				MARKETING_VERSION = 1.0;
				PRODUCT_BUNDLE_IDENTIFIER = "theo.MyChannel-V4Tests";
				PRODUCT_NAME = "$(TARGET_NAME)";
				SWIFT_EMIT_LOC_STRINGS = NO;
				TARGETED_DEVICE_FAMILY = "1,2";
				TEST_HOST = "$(BUILT_PRODUCTS_DIR)/MyChannel-V4.app/$(BUNDLE_EXECUTABLE_FOLDER_PATH)/MyChannel-V4";
			};
			name = Release;
		};
		E434170A2C606CEF00AB314C /* Debug */ = {
			isa = XCBuildConfiguration;
			buildSettings = {
				CODE_SIGN_STYLE = Automatic;
				CURRENT_PROJECT_VERSION = 1;
				GENERATE_INFOPLIST_FILE = YES;
				MARKETING_VERSION = 1.0;
				PRODUCT_BUNDLE_IDENTIFIER = "theo.MyChannel-V4UITests";
				PRODUCT_NAME = "$(TARGET_NAME)";
				SWIFT_EMIT_LOC_STRINGS = NO;
				TARGETED_DEVICE_FAMILY = "1,2";
				TEST_TARGET_NAME = "MyChannel-V4";
			};
			name = Debug;
		};
		E434170B2C606CEF00AB314C /* Release */ = {
			isa = XCBuildConfiguration;
			buildSettings = {
				CODE_SIGN_STYLE = Automatic;
				CURRENT_PROJECT_VERSION = 1;
				GENERATE_INFOPLIST_FILE = YES;
				MARKETING_VERSION = 1.0;
				PRODUCT_BUNDLE_IDENTIFIER = "theo.MyChannel-V4UITests";
				PRODUCT_NAME = "$(TARGET_NAME)";
				SWIFT_EMIT_LOC_STRINGS = NO;
				TARGETED_DEVICE_FAMILY = "1,2";
				TEST_TARGET_NAME = "MyChannel-V4";
			};
			name = Release;
		};
/* End XCBuildConfiguration section */

/* Begin XCConfigurationList section */
		E43416CF2C606CEE00AB314C /* Build configuration list for PBXProject "MyChannel-V4" */ = {
			isa = XCConfigurationList;
			buildConfigurations = (
				E43417012C606CEF00AB314C /* Debug */,
				E43417022C606CEF00AB314C /* Release */,
			);
			defaultConfigurationIsVisible = 0;
			defaultConfigurationName = Release;
		};
		E43417032C606CEF00AB314C /* Build configuration list for PBXNativeTarget "MyChannel-V4" */ = {
			isa = XCConfigurationList;
			buildConfigurations = (
				E43417042C606CEF00AB314C /* Debug */,
				E43417052C606CEF00AB314C /* Release */,
			);
			defaultConfigurationIsVisible = 0;
			defaultConfigurationName = Release;
		};
		E43417062C606CEF00AB314C /* Build configuration list for PBXNativeTarget "MyChannel-V4Tests" */ = {
			isa = XCConfigurationList;
			buildConfigurations = (
				E43417072C606CEF00AB314C /* Debug */,
				E43417082C606CEF00AB314C /* Release */,
			);
			defaultConfigurationIsVisible = 0;
			defaultConfigurationName = Release;
		};
		E43417092C606CEF00AB314C /* Build configuration list for PBXNativeTarget "MyChannel-V4UITests" */ = {
			isa = XCConfigurationList;
			buildConfigurations = (
				E434170A2C606CEF00AB314C /* Debug */,
				E434170B2C606CEF00AB314C /* Release */,
			);
			defaultConfigurationIsVisible = 0;
			defaultConfigurationName = Release;
		};
/* End XCConfigurationList section */
	};
	rootObject = E43416CC2C606CEE00AB314C /* Project object */;
}
