// !$*UTF8*$!
{
	archiveVersion = 1;
	classes = {
	};
	objectVersion = 56;
	objects = {

/* Begin PBXBuildFile section */
		E490B17A2C37D9D00067393C /* AppDelegate.m in Sources */ = {isa = PBXBuildFile; fileRef = E490B1792C37D9D00067393C /* AppDelegate.m */; };
		E490B17D2C37D9D00067393C /* SceneDelegate.m in Sources */ = {isa = PBXBuildFile; fileRef = E490B17C2C37D9D00067393C /* SceneDelegate.m */; };
		E490B1802C37D9D00067393C /* ViewController.m in Sources */ = {isa = PBXBuildFile; fileRef = E490B17F2C37D9D00067393C /* ViewController.m */; };
		E490B1832C37D9D00067393C /* Main.storyboard in Resources */ = {isa = PBXBuildFile; fileRef = E490B1812C37D9D00067393C /* Main.storyboard */; };
		E490B1852C37D9D10067393C /* Assets.xcassets in Resources */ = {isa = PBXBuildFile; fileRef = E490B1842C37D9D10067393C /* Assets.xcassets */; };
		E490B1882C37D9D10067393C /* LaunchScreen.storyboard in Resources */ = {isa = PBXBuildFile; fileRef = E490B1862C37D9D10067393C /* LaunchScreen.storyboard */; };
		E490B18B2C37D9D10067393C /* main.m in Sources */ = {isa = PBXBuildFile; fileRef = E490B18A2C37D9D10067393C /* main.m */; };
		E490B1952C37D9D10067393C /* UIButtonTests.m in Sources */ = {isa = PBXBuildFile; fileRef = E490B1942C37D9D10067393C /* UIButtonTests.m */; };
		E490B19F2C37D9D10067393C /* UIButtonUITests.m in Sources */ = {isa = PBXBuildFile; fileRef = E490B19E2C37D9D10067393C /* UIButtonUITests.m */; };
		E490B1A12C37D9D10067393C /* UIButtonUITestsLaunchTests.m in Sources */ = {isa = PBXBuildFile; fileRef = E490B1A02C37D9D10067393C /* UIButtonUITestsLaunchTests.m */; };
		E490B1AE2C37EAAD0067393C /* light.jpeg in Resources */ = {isa = PBXBuildFile; fileRef = E490B1AD2C37EAAD0067393C /* light.jpeg */; };
/* End PBXBuildFile section */

/* Begin PBXContainerItemProxy section */
		E490B1912C37D9D10067393C /* PBXContainerItemProxy */ = {
			isa = PBXContainerItemProxy;
			containerPortal = E490B16D2C37D9D00067393C /* Project object */;
			proxyType = 1;
			remoteGlobalIDString = E490B1742C37D9D00067393C;
			remoteInfo = UIButton;
		};
		E490B19B2C37D9D10067393C /* PBXContainerItemProxy */ = {
			isa = PBXContainerItemProxy;
			containerPortal = E490B16D2C37D9D00067393C /* Project object */;
			proxyType = 1;
			remoteGlobalIDString = E490B1742C37D9D00067393C;
			remoteInfo = UIButton;
		};
/* End PBXContainerItemProxy section */

/* Begin PBXFileReference section */
		E490B1752C37D9D00067393C /* UIButton.app */ = {isa = PBXFileReference; explicitFileType = wrapper.application; includeInIndex = 0; path = UIButton.app; sourceTree = BUILT_PRODUCTS_DIR; };
		E490B1782C37D9D00067393C /* AppDelegate.h */ = {isa = PBXFileReference; lastKnownFileType = sourcecode.c.h; path = AppDelegate.h; sourceTree = "<group>"; };
		E490B1792C37D9D00067393C /* AppDelegate.m */ = {isa = PBXFileReference; lastKnownFileType = sourcecode.c.objc; path = AppDelegate.m; sourceTree = "<group>"; };
		E490B17B2C37D9D00067393C /* SceneDelegate.h */ = {isa = PBXFileReference; lastKnownFileType = sourcecode.c.h; path = SceneDelegate.h; sourceTree = "<group>"; };
		E490B17C2C37D9D00067393C /* SceneDelegate.m */ = {isa = PBXFileReference; lastKnownFileType = sourcecode.c.objc; path = SceneDelegate.m; sourceTree = "<group>"; };
		E490B17E2C37D9D00067393C /* ViewController.h */ = {isa = PBXFileReference; lastKnownFileType = sourcecode.c.h; path = ViewController.h; sourceTree = "<group>"; };
		E490B17F2C37D9D00067393C /* ViewController.m */ = {isa = PBXFileReference; lastKnownFileType = sourcecode.c.objc; path = ViewController.m; sourceTree = "<group>"; };
		E490B1822C37D9D00067393C /* Base */ = {isa = PBXFileReference; lastKnownFileType = file.storyboard; name = Base; path = Base.lproj/Main.storyboard; sourceTree = "<group>"; };
		E490B1842C37D9D10067393C /* Assets.xcassets */ = {isa = PBXFileReference; lastKnownFileType = folder.assetcatalog; path = Assets.xcassets; sourceTree = "<group>"; };
		E490B1872C37D9D10067393C /* Base */ = {isa = PBXFileReference; lastKnownFileType = file.storyboard; name = Base; path = Base.lproj/LaunchScreen.storyboard; sourceTree = "<group>"; };
		E490B1892C37D9D10067393C /* Info.plist */ = {isa = PBXFileReference; lastKnownFileType = text.plist.xml; path = Info.plist; sourceTree = "<group>"; };
		E490B18A2C37D9D10067393C /* main.m */ = {isa = PBXFileReference; lastKnownFileType = sourcecode.c.objc; path = main.m; sourceTree = "<group>"; };
		E490B1902C37D9D10067393C /* UIButtonTests.xctest */ = {isa = PBXFileReference; explicitFileType = wrapper.cfbundle; includeInIndex = 0; path = UIButtonTests.xctest; sourceTree = BUILT_PRODUCTS_DIR; };
		E490B1942C37D9D10067393C /* UIButtonTests.m */ = {isa = PBXFileReference; lastKnownFileType = sourcecode.c.objc; path = UIButtonTests.m; sourceTree = "<group>"; };
		E490B19A2C37D9D10067393C /* UIButtonUITests.xctest */ = {isa = PBXFileReference; explicitFileType = wrapper.cfbundle; includeInIndex = 0; path = UIButtonUITests.xctest; sourceTree = BUILT_PRODUCTS_DIR; };
		E490B19E2C37D9D10067393C /* UIButtonUITests.m */ = {isa = PBXFileReference; lastKnownFileType = sourcecode.c.objc; path = UIButtonUITests.m; sourceTree = "<group>"; };
		E490B1A02C37D9D10067393C /* UIButtonUITestsLaunchTests.m */ = {isa = PBXFileReference; lastKnownFileType = sourcecode.c.objc; path = UIButtonUITestsLaunchTests.m; sourceTree = "<group>"; };
		E490B1AD2C37EAAD0067393C /* light.jpeg */ = {isa = PBXFileReference; lastKnownFileType = image.jpeg; path = light.jpeg; sourceTree = "<group>"; };
/* End PBXFileReference section */

/* Begin PBXFrameworksBuildPhase section */
		E490B1722C37D9D00067393C /* Frameworks */ = {
			isa = PBXFrameworksBuildPhase;
			buildActionMask = 2147483647;
			files = (
			);
			runOnlyForDeploymentPostprocessing = 0;
		};
		E490B18D2C37D9D10067393C /* Frameworks */ = {
			isa = PBXFrameworksBuildPhase;
			buildActionMask = 2147483647;
			files = (
			);
			runOnlyForDeploymentPostprocessing = 0;
		};
		E490B1972C37D9D10067393C /* Frameworks */ = {
			isa = PBXFrameworksBuildPhase;
			buildActionMask = 2147483647;
			files = (
			);
			runOnlyForDeploymentPostprocessing = 0;
		};
/* End PBXFrameworksBuildPhase section */

/* Begin PBXGroup section */
		E490B16C2C37D9D00067393C = {
			isa = PBXGroup;
			children = (
				E490B1772C37D9D00067393C /* UIButton */,
				E490B1932C37D9D10067393C /* UIButtonTests */,
				E490B19D2C37D9D10067393C /* UIButtonUITests */,
				E490B1762C37D9D00067393C /* Products */,
			);
			sourceTree = "<group>";
		};
		E490B1762C37D9D00067393C /* Products */ = {
			isa = PBXGroup;
			children = (
				E490B1752C37D9D00067393C /* UIButton.app */,
				E490B1902C37D9D10067393C /* UIButtonTests.xctest */,
				E490B19A2C37D9D10067393C /* UIButtonUITests.xctest */,
			);
			name = Products;
			sourceTree = "<group>";
		};
		E490B1772C37D9D00067393C /* UIButton */ = {
			isa = PBXGroup;
			children = (
				E490B1AD2C37EAAD0067393C /* light.jpeg */,
				E490B1782C37D9D00067393C /* AppDelegate.h */,
				E490B1792C37D9D00067393C /* AppDelegate.m */,
				E490B17B2C37D9D00067393C /* SceneDelegate.h */,
				E490B17C2C37D9D00067393C /* SceneDelegate.m */,
				E490B17E2C37D9D00067393C /* ViewController.h */,
				E490B17F2C37D9D00067393C /* ViewController.m */,
				E490B1812C37D9D00067393C /* Main.storyboard */,
				E490B1842C37D9D10067393C /* Assets.xcassets */,
				E490B1862C37D9D10067393C /* LaunchScreen.storyboard */,
				E490B1892C37D9D10067393C /* Info.plist */,
				E490B18A2C37D9D10067393C /* main.m */,
			);
			path = UIButton;
			sourceTree = "<group>";
		};
		E490B1932C37D9D10067393C /* UIButtonTests */ = {
			isa = PBXGroup;
			children = (
				E490B1942C37D9D10067393C /* UIButtonTests.m */,
			);
			path = UIButtonTests;
			sourceTree = "<group>";
		};
		E490B19D2C37D9D10067393C /* UIButtonUITests */ = {
			isa = PBXGroup;
			children = (
				E490B19E2C37D9D10067393C /* UIButtonUITests.m */,
				E490B1A02C37D9D10067393C /* UIButtonUITestsLaunchTests.m */,
			);
			path = UIButtonUITests;
			sourceTree = "<group>";
		};
/* End PBXGroup section */

/* Begin PBXNativeTarget section */
		E490B1742C37D9D00067393C /* UIButton */ = {
			isa = PBXNativeTarget;
			buildConfigurationList = E490B1A42C37D9D10067393C /* Build configuration list for PBXNativeTarget "UIButton" */;
			buildPhases = (
				E490B1712C37D9D00067393C /* Sources */,
				E490B1722C37D9D00067393C /* Frameworks */,
				E490B1732C37D9D00067393C /* Resources */,
			);
			buildRules = (
			);
			dependencies = (
			);
			name = UIButton;
			productName = UIButton;
			productReference = E490B1752C37D9D00067393C /* UIButton.app */;
			productType = "com.apple.product-type.application";
		};
		E490B18F2C37D9D10067393C /* UIButtonTests */ = {
			isa = PBXNativeTarget;
			buildConfigurationList = E490B1A72C37D9D10067393C /* Build configuration list for PBXNativeTarget "UIButtonTests" */;
			buildPhases = (
				E490B18C2C37D9D10067393C /* Sources */,
				E490B18D2C37D9D10067393C /* Frameworks */,
				E490B18E2C37D9D10067393C /* Resources */,
			);
			buildRules = (
			);
			dependencies = (
				E490B1922C37D9D10067393C /* PBXTargetDependency */,
			);
			name = UIButtonTests;
			productName = UIButtonTests;
			productReference = E490B1902C37D9D10067393C /* UIButtonTests.xctest */;
			productType = "com.apple.product-type.bundle.unit-test";
		};
		E490B1992C37D9D10067393C /* UIButtonUITests */ = {
			isa = PBXNativeTarget;
			buildConfigurationList = E490B1AA2C37D9D10067393C /* Build configuration list for PBXNativeTarget "UIButtonUITests" */;
			buildPhases = (
				E490B1962C37D9D10067393C /* Sources */,
				E490B1972C37D9D10067393C /* Frameworks */,
				E490B1982C37D9D10067393C /* Resources */,
			);
			buildRules = (
			);
			dependencies = (
				E490B19C2C37D9D10067393C /* PBXTargetDependency */,
			);
			name = UIButtonUITests;
			productName = UIButtonUITests;
			productReference = E490B19A2C37D9D10067393C /* UIButtonUITests.xctest */;
			productType = "com.apple.product-type.bundle.ui-testing";
		};
/* End PBXNativeTarget section */

/* Begin PBXProject section */
		E490B16D2C37D9D00067393C /* Project object */ = {
			isa = PBXProject;
			attributes = {
				BuildIndependentTargetsInParallel = 1;
				LastUpgradeCheck = 1510;
				TargetAttributes = {
					E490B1742C37D9D00067393C = {
						CreatedOnToolsVersion = 15.1;
					};
					E490B18F2C37D9D10067393C = {
						CreatedOnToolsVersion = 15.1;
						TestTargetID = E490B1742C37D9D00067393C;
					};
					E490B1992C37D9D10067393C = {
						CreatedOnToolsVersion = 15.1;
						TestTargetID = E490B1742C37D9D00067393C;
					};
				};
			};
			buildConfigurationList = E490B1702C37D9D00067393C /* Build configuration list for PBXProject "UIButton" */;
			compatibilityVersion = "Xcode 14.0";
			developmentRegion = en;
			hasScannedForEncodings = 0;
			knownRegions = (
				en,
				Base,
			);
			mainGroup = E490B16C2C37D9D00067393C;
			productRefGroup = E490B1762C37D9D00067393C /* Products */;
			projectDirPath = "";
			projectRoot = "";
			targets = (
				E490B1742C37D9D00067393C /* UIButton */,
				E490B18F2C37D9D10067393C /* UIButtonTests */,
				E490B1992C37D9D10067393C /* UIButtonUITests */,
			);
		};
/* End PBXProject section */

/* Begin PBXResourcesBuildPhase section */
		E490B1732C37D9D00067393C /* Resources */ = {
			isa = PBXResourcesBuildPhase;
			buildActionMask = 2147483647;
			files = (
				E490B1882C37D9D10067393C /* LaunchScreen.storyboard in Resources */,
				E490B1852C37D9D10067393C /* Assets.xcassets in Resources */,
				E490B1AE2C37EAAD0067393C /* light.jpeg in Resources */,
				E490B1832C37D9D00067393C /* Main.storyboard in Resources */,
			);
			runOnlyForDeploymentPostprocessing = 0;
		};
		E490B18E2C37D9D10067393C /* Resources */ = {
			isa = PBXResourcesBuildPhase;
			buildActionMask = 2147483647;
			files = (
			);
			runOnlyForDeploymentPostprocessing = 0;
		};
		E490B1982C37D9D10067393C /* Resources */ = {
			isa = PBXResourcesBuildPhase;
			buildActionMask = 2147483647;
			files = (
			);
			runOnlyForDeploymentPostprocessing = 0;
		};
/* End PBXResourcesBuildPhase section */

/* Begin PBXSourcesBuildPhase section */
		E490B1712C37D9D00067393C /* Sources */ = {
			isa = PBXSourcesBuildPhase;
			buildActionMask = 2147483647;
			files = (
				E490B1802C37D9D00067393C /* ViewController.m in Sources */,
				E490B17A2C37D9D00067393C /* AppDelegate.m in Sources */,
				E490B18B2C37D9D10067393C /* main.m in Sources */,
				E490B17D2C37D9D00067393C /* SceneDelegate.m in Sources */,
			);
			runOnlyForDeploymentPostprocessing = 0;
		};
		E490B18C2C37D9D10067393C /* Sources */ = {
			isa = PBXSourcesBuildPhase;
			buildActionMask = 2147483647;
			files = (
				E490B1952C37D9D10067393C /* UIButtonTests.m in Sources */,
			);
			runOnlyForDeploymentPostprocessing = 0;
		};
		E490B1962C37D9D10067393C /* Sources */ = {
			isa = PBXSourcesBuildPhase;
			buildActionMask = 2147483647;
			files = (
				E490B1A12C37D9D10067393C /* UIButtonUITestsLaunchTests.m in Sources */,
				E490B19F2C37D9D10067393C /* UIButtonUITests.m in Sources */,
			);
			runOnlyForDeploymentPostprocessing = 0;
		};
/* End PBXSourcesBuildPhase section */

/* Begin PBXTargetDependency section */
		E490B1922C37D9D10067393C /* PBXTargetDependency */ = {
			isa = PBXTargetDependency;
			target = E490B1742C37D9D00067393C /* UIButton */;
			targetProxy = E490B1912C37D9D10067393C /* PBXContainerItemProxy */;
		};
		E490B19C2C37D9D10067393C /* PBXTargetDependency */ = {
			isa = PBXTargetDependency;
			target = E490B1742C37D9D00067393C /* UIButton */;
			targetProxy = E490B19B2C37D9D10067393C /* PBXContainerItemProxy */;
		};
/* End PBXTargetDependency section */

/* Begin PBXVariantGroup section */
		E490B1812C37D9D00067393C /* Main.storyboard */ = {
			isa = PBXVariantGroup;
			children = (
				E490B1822C37D9D00067393C /* Base */,
			);
			name = Main.storyboard;
			sourceTree = "<group>";
		};
		E490B1862C37D9D10067393C /* LaunchScreen.storyboard */ = {
			isa = PBXVariantGroup;
			children = (
				E490B1872C37D9D10067393C /* Base */,
			);
			name = LaunchScreen.storyboard;
			sourceTree = "<group>";
		};
/* End PBXVariantGroup section */

/* Begin XCBuildConfiguration section */
		E490B1A22C37D9D10067393C /* Debug */ = {
			isa = XCBuildConfiguration;
			buildSettings = {
				ALWAYS_SEARCH_USER_PATHS = NO;
				ASSETCATALOG_COMPILER_GENERATE_SWIFT_ASSET_SYMBOL_EXTENSIONS = YES;
				CLANG_ANALYZER_NONNULL = YES;
				CLANG_ANALYZER_NUMBER_OBJECT_CONVERSION = YES_AGGRESSIVE;
				CLANG_CXX_LANGUAGE_STANDARD = "gnu++20";
				CLANG_ENABLE_MODULES = YES;
				CLANG_ENABLE_OBJC_ARC = YES;
				CLANG_ENABLE_OBJC_WEAK = YES;
				CLANG_WARN_BLOCK_CAPTURE_AUTORELEASING = YES;
				CLANG_WARN_BOOL_CONVERSION = YES;
				CLANG_WARN_COMMA = YES;
				CLANG_WARN_CONSTANT_CONVERSION = YES;
				CLANG_WARN_DEPRECATED_OBJC_IMPLEMENTATIONS = YES;
				CLANG_WARN_DIRECT_OBJC_ISA_USAGE = YES_ERROR;
				CLANG_WARN_DOCUMENTATION_COMMENTS = YES;
				CLANG_WARN_EMPTY_BODY = YES;
				CLANG_WARN_ENUM_CONVERSION = YES;
				CLANG_WARN_INFINITE_RECURSION = YES;
				CLANG_WARN_INT_CONVERSION = YES;
				CLANG_WARN_NON_LITERAL_NULL_CONVERSION = YES;
				CLANG_WARN_OBJC_IMPLICIT_RETAIN_SELF = YES;
				CLANG_WARN_OBJC_LITERAL_CONVERSION = YES;
				CLANG_WARN_OBJC_ROOT_CLASS = YES_ERROR;
				CLANG_WARN_QUOTED_INCLUDE_IN_FRAMEWORK_HEADER = YES;
				CLANG_WARN_RANGE_LOOP_ANALYSIS = YES;
				CLANG_WARN_STRICT_PROTOTYPES = YES;
				CLANG_WARN_SUSPICIOUS_MOVE = YES;
				CLANG_WARN_UNGUARDED_AVAILABILITY = YES_AGGRESSIVE;
				CLANG_WARN_UNREACHABLE_CODE = YES;
				CLANG_WARN__DUPLICATE_METHOD_MATCH = YES;
				COPY_PHASE_STRIP = NO;
				DEBUG_INFORMATION_FORMAT = dwarf;
				ENABLE_STRICT_OBJC_MSGSEND = YES;
				ENABLE_TESTABILITY = YES;
				ENABLE_USER_SCRIPT_SANDBOXING = YES;
				GCC_C_LANGUAGE_STANDARD = gnu17;
				GCC_DYNAMIC_NO_PIC = NO;
				GCC_NO_COMMON_BLOCKS = YES;
				GCC_OPTIMIZATION_LEVEL = 0;
				GCC_PREPROCESSOR_DEFINITIONS = (
					"DEBUG=1",
					"$(inherited)",
				);
				GCC_WARN_64_TO_32_BIT_CONVERSION = YES;
				GCC_WARN_ABOUT_RETURN_TYPE = YES_ERROR;
				GCC_WARN_UNDECLARED_SELECTOR = YES;
				GCC_WARN_UNINITIALIZED_AUTOS = YES_AGGRESSIVE;
				GCC_WARN_UNUSED_FUNCTION = YES;
				GCC_WARN_UNUSED_VARIABLE = YES;
				IPHONEOS_DEPLOYMENT_TARGET = 17.2;
				LOCALIZATION_PREFERS_STRING_CATALOGS = YES;
				MTL_ENABLE_DEBUG_INFO = INCLUDE_SOURCE;
				MTL_FAST_MATH = YES;
				ONLY_ACTIVE_ARCH = YES;
				SDKROOT = iphoneos;
			};
			name = Debug;
		};
		E490B1A32C37D9D10067393C /* Release */ = {
			isa = XCBuildConfiguration;
			buildSettings = {
				ALWAYS_SEARCH_USER_PATHS = NO;
				ASSETCATALOG_COMPILER_GENERATE_SWIFT_ASSET_SYMBOL_EXTENSIONS = YES;
				CLANG_ANALYZER_NONNULL = YES;
				CLANG_ANALYZER_NUMBER_OBJECT_CONVERSION = YES_AGGRESSIVE;
				CLANG_CXX_LANGUAGE_STANDARD = "gnu++20";
				CLANG_ENABLE_MODULES = YES;
				CLANG_ENABLE_OBJC_ARC = YES;
				CLANG_ENABLE_OBJC_WEAK = YES;
				CLANG_WARN_BLOCK_CAPTURE_AUTORELEASING = YES;
				CLANG_WARN_BOOL_CONVERSION = YES;
				CLANG_WARN_COMMA = YES;
				CLANG_WARN_CONSTANT_CONVERSION = YES;
				CLANG_WARN_DEPRECATED_OBJC_IMPLEMENTATIONS = YES;
				CLANG_WARN_DIRECT_OBJC_ISA_USAGE = YES_ERROR;
				CLANG_WARN_DOCUMENTATION_COMMENTS = YES;
				CLANG_WARN_EMPTY_BODY = YES;
				CLANG_WARN_ENUM_CONVERSION = YES;
				CLANG_WARN_INFINITE_RECURSION = YES;
				CLANG_WARN_INT_CONVERSION = YES;
				CLANG_WARN_NON_LITERAL_NULL_CONVERSION = YES;
				CLANG_WARN_OBJC_IMPLICIT_RETAIN_SELF = YES;
				CLANG_WARN_OBJC_LITERAL_CONVERSION = YES;
				CLANG_WARN_OBJC_ROOT_CLASS = YES_ERROR;
				CLANG_WARN_QUOTED_INCLUDE_IN_FRAMEWORK_HEADER = YES;
				CLANG_WARN_RANGE_LOOP_ANALYSIS = YES;
				CLANG_WARN_STRICT_PROTOTYPES = YES;
				CLANG_WARN_SUSPICIOUS_MOVE = YES;
				CLANG_WARN_UNGUARDED_AVAILABILITY = YES_AGGRESSIVE;
				CLANG_WARN_UNREACHABLE_CODE = YES;
				CLANG_WARN__DUPLICATE_METHOD_MATCH = YES;
				COPY_PHASE_STRIP = NO;
				DEBUG_INFORMATION_FORMAT = "dwarf-with-dsym";
				ENABLE_NS_ASSERTIONS = NO;
				ENABLE_STRICT_OBJC_MSGSEND = YES;
				ENABLE_USER_SCRIPT_SANDBOXING = YES;
				GCC_C_LANGUAGE_STANDARD = gnu17;
				GCC_NO_COMMON_BLOCKS = YES;
				GCC_WARN_64_TO_32_BIT_CONVERSION = YES;
				GCC_WARN_ABOUT_RETURN_TYPE = YES_ERROR;
				GCC_WARN_UNDECLARED_SELECTOR = YES;
				GCC_WARN_UNINITIALIZED_AUTOS = YES_AGGRESSIVE;
				GCC_WARN_UNUSED_FUNCTION = YES;
				GCC_WARN_UNUSED_VARIABLE = YES;
				IPHONEOS_DEPLOYMENT_TARGET = 17.2;
				LOCALIZATION_PREFERS_STRING_CATALOGS = YES;
				MTL_ENABLE_DEBUG_INFO = NO;
				MTL_FAST_MATH = YES;
				SDKROOT = iphoneos;
				VALIDATE_PRODUCT = YES;
			};
			name = Release;
		};
		E490B1A52C37D9D10067393C /* Debug */ = {
			isa = XCBuildConfiguration;
			buildSettings = {
				ASSETCATALOG_COMPILER_APPICON_NAME = AppIcon;
				ASSETCATALOG_COMPILER_GLOBAL_ACCENT_COLOR_NAME = AccentColor;
				CODE_SIGN_STYLE = Automatic;
				CURRENT_PROJECT_VERSION = 1;
				GENERATE_INFOPLIST_FILE = YES;
				INFOPLIST_FILE = UIButton/Info.plist;
				INFOPLIST_KEY_UIApplicationSupportsIndirectInputEvents = YES;
				INFOPLIST_KEY_UILaunchStoryboardName = LaunchScreen;
				INFOPLIST_KEY_UIMainStoryboardFile = Main;
				INFOPLIST_KEY_UISupportedInterfaceOrientations_iPad = "UIInterfaceOrientationPortrait UIInterfaceOrientationPortraitUpsideDown UIInterfaceOrientationLandscapeLeft UIInterfaceOrientationLandscapeRight";
				INFOPLIST_KEY_UISupportedInterfaceOrientations_iPhone = "UIInterfaceOrientationPortrait UIInterfaceOrientationLandscapeLeft UIInterfaceOrientationLandscapeRight";
				LD_RUNPATH_SEARCH_PATHS = (
					"$(inherited)",
					"@executable_path/Frameworks",
				);
				MARKETING_VERSION = 1.0;
				PRODUCT_BUNDLE_IDENTIFIER = theo.UIButton;
				PRODUCT_NAME = "$(TARGET_NAME)";
				SWIFT_EMIT_LOC_STRINGS = YES;
				TARGETED_DEVICE_FAMILY = "1,2";
			};
			name = Debug;
		};
		E490B1A62C37D9D10067393C /* Release */ = {
			isa = XCBuildConfiguration;
			buildSettings = {
				ASSETCATALOG_COMPILER_APPICON_NAME = AppIcon;
				ASSETCATALOG_COMPILER_GLOBAL_ACCENT_COLOR_NAME = AccentColor;
				CODE_SIGN_STYLE = Automatic;
				CURRENT_PROJECT_VERSION = 1;
				GENERATE_INFOPLIST_FILE = YES;
				INFOPLIST_FILE = UIButton/Info.plist;
				INFOPLIST_KEY_UIApplicationSupportsIndirectInputEvents = YES;
				INFOPLIST_KEY_UILaunchStoryboardName = LaunchScreen;
				INFOPLIST_KEY_UIMainStoryboardFile = Main;
				INFOPLIST_KEY_UISupportedInterfaceOrientations_iPad = "UIInterfaceOrientationPortrait UIInterfaceOrientationPortraitUpsideDown UIInterfaceOrientationLandscapeLeft UIInterfaceOrientationLandscapeRight";
				INFOPLIST_KEY_UISupportedInterfaceOrientations_iPhone = "UIInterfaceOrientationPortrait UIInterfaceOrientationLandscapeLeft UIInterfaceOrientationLandscapeRight";
				LD_RUNPATH_SEARCH_PATHS = (
					"$(inherited)",
					"@executable_path/Frameworks",
				);
				MARKETING_VERSION = 1.0;
				PRODUCT_BUNDLE_IDENTIFIER = theo.UIButton;
				PRODUCT_NAME = "$(TARGET_NAME)";
				SWIFT_EMIT_LOC_STRINGS = YES;
				TARGETED_DEVICE_FAMILY = "1,2";
			};
			name = Release;
		};
		E490B1A82C37D9D10067393C /* Debug */ = {
			isa = XCBuildConfiguration;
			buildSettings = {
				BUNDLE_LOADER = "$(TEST_HOST)";
				CODE_SIGN_STYLE = Automatic;
				CURRENT_PROJECT_VERSION = 1;
				GENERATE_INFOPLIST_FILE = YES;
				IPHONEOS_DEPLOYMENT_TARGET = 17.2;
				MARKETING_VERSION = 1.0;
				PRODUCT_BUNDLE_IDENTIFIER = theo.UIButtonTests;
				PRODUCT_NAME = "$(TARGET_NAME)";
				SWIFT_EMIT_LOC_STRINGS = NO;
				TARGETED_DEVICE_FAMILY = "1,2";
				TEST_HOST = "$(BUILT_PRODUCTS_DIR)/UIButton.app/$(BUNDLE_EXECUTABLE_FOLDER_PATH)/UIButton";
			};
			name = Debug;
		};
		E490B1A92C37D9D10067393C /* Release */ = {
			isa = XCBuildConfiguration;
			buildSettings = {
				BUNDLE_LOADER = "$(TEST_HOST)";
				CODE_SIGN_STYLE = Automatic;
				CURRENT_PROJECT_VERSION = 1;
				GENERATE_INFOPLIST_FILE = YES;
				IPHONEOS_DEPLOYMENT_TARGET = 17.2;
				MARKETING_VERSION = 1.0;
				PRODUCT_BUNDLE_IDENTIFIER = theo.UIButtonTests;
				PRODUCT_NAME = "$(TARGET_NAME)";
				SWIFT_EMIT_LOC_STRINGS = NO;
				TARGETED_DEVICE_FAMILY = "1,2";
				TEST_HOST = "$(BUILT_PRODUCTS_DIR)/UIButton.app/$(BUNDLE_EXECUTABLE_FOLDER_PATH)/UIButton";
			};
			name = Release;
		};
		E490B1AB2C37D9D10067393C /* Debug */ = {
			isa = XCBuildConfiguration;
			buildSettings = {
				CODE_SIGN_STYLE = Automatic;
				CURRENT_PROJECT_VERSION = 1;
				GENERATE_INFOPLIST_FILE = YES;
				MARKETING_VERSION = 1.0;
				PRODUCT_BUNDLE_IDENTIFIER = theo.UIButtonUITests;
				PRODUCT_NAME = "$(TARGET_NAME)";
				SWIFT_EMIT_LOC_STRINGS = NO;
				TARGETED_DEVICE_FAMILY = "1,2";
				TEST_TARGET_NAME = UIButton;
			};
			name = Debug;
		};
		E490B1AC2C37D9D10067393C /* Release */ = {
			isa = XCBuildConfiguration;
			buildSettings = {
				CODE_SIGN_STYLE = Automatic;
				CURRENT_PROJECT_VERSION = 1;
				GENERATE_INFOPLIST_FILE = YES;
				MARKETING_VERSION = 1.0;
				PRODUCT_BUNDLE_IDENTIFIER = theo.UIButtonUITests;
				PRODUCT_NAME = "$(TARGET_NAME)";
				SWIFT_EMIT_LOC_STRINGS = NO;
				TARGETED_DEVICE_FAMILY = "1,2";
				TEST_TARGET_NAME = UIButton;
			};
			name = Release;
		};
/* End XCBuildConfiguration section */

/* Begin XCConfigurationList section */
		E490B1702C37D9D00067393C /* Build configuration list for PBXProject "UIButton" */ = {
			isa = XCConfigurationList;
			buildConfigurations = (
				E490B1A22C37D9D10067393C /* Debug */,
				E490B1A32C37D9D10067393C /* Release */,
			);
			defaultConfigurationIsVisible = 0;
			defaultConfigurationName = Release;
		};
		E490B1A42C37D9D10067393C /* Build configuration list for PBXNativeTarget "UIButton" */ = {
			isa = XCConfigurationList;
			buildConfigurations = (
				E490B1A52C37D9D10067393C /* Debug */,
				E490B1A62C37D9D10067393C /* Release */,
			);
			defaultConfigurationIsVisible = 0;
			defaultConfigurationName = Release;
		};
		E490B1A72C37D9D10067393C /* Build configuration list for PBXNativeTarget "UIButtonTests" */ = {
			isa = XCConfigurationList;
			buildConfigurations = (
				E490B1A82C37D9D10067393C /* Debug */,
				E490B1A92C37D9D10067393C /* Release */,
			);
			defaultConfigurationIsVisible = 0;
			defaultConfigurationName = Release;
		};
		E490B1AA2C37D9D10067393C /* Build configuration list for PBXNativeTarget "UIButtonUITests" */ = {
			isa = XCConfigurationList;
			buildConfigurations = (
				E490B1AB2C37D9D10067393C /* Debug */,
				E490B1AC2C37D9D10067393C /* Release */,
			);
			defaultConfigurationIsVisible = 0;
			defaultConfigurationName = Release;
		};
/* End XCConfigurationList section */
	};
	rootObject = E490B16D2C37D9D00067393C /* Project object */;
}
