// !$*UTF8*$!
{
	archiveVersion = 1;
	classes = {
	};
	objectVersion = 56;
	objects = {

/* Begin PBXBuildFile section */
		E4B8A7282C462138000049E6 /* AppDelegate.m in Sources */ = {isa = PBXBuildFile; fileRef = E4B8A7272C462138000049E6 /* AppDelegate.m */; };
		E4B8A72B2C462138000049E6 /* SceneDelegate.m in Sources */ = {isa = PBXBuildFile; fileRef = E4B8A72A2C462138000049E6 /* SceneDelegate.m */; };
		E4B8A72E2C462138000049E6 /* ViewController.m in Sources */ = {isa = PBXBuildFile; fileRef = E4B8A72D2C462138000049E6 /* ViewController.m */; };
		E4B8A7312C462138000049E6 /* Main.storyboard in Resources */ = {isa = PBXBuildFile; fileRef = E4B8A72F2C462138000049E6 /* Main.storyboard */; };
		E4B8A7332C46213A000049E6 /* Assets.xcassets in Resources */ = {isa = PBXBuildFile; fileRef = E4B8A7322C46213A000049E6 /* Assets.xcassets */; };
		E4B8A7362C46213A000049E6 /* LaunchScreen.storyboard in Resources */ = {isa = PBXBuildFile; fileRef = E4B8A7342C46213A000049E6 /* LaunchScreen.storyboard */; };
		E4B8A7392C46213A000049E6 /* main.m in Sources */ = {isa = PBXBuildFile; fileRef = E4B8A7382C46213A000049E6 /* main.m */; };
		E4B8A7432C46213A000049E6 /* LoginScreenDemoTests.m in Sources */ = {isa = PBXBuildFile; fileRef = E4B8A7422C46213A000049E6 /* LoginScreenDemoTests.m */; };
		E4B8A74D2C46213A000049E6 /* LoginScreenDemoUITests.m in Sources */ = {isa = PBXBuildFile; fileRef = E4B8A74C2C46213A000049E6 /* LoginScreenDemoUITests.m */; };
		E4B8A74F2C46213A000049E6 /* LoginScreenDemoUITestsLaunchTests.m in Sources */ = {isa = PBXBuildFile; fileRef = E4B8A74E2C46213A000049E6 /* LoginScreenDemoUITestsLaunchTests.m */; };
/* End PBXBuildFile section */

/* Begin PBXContainerItemProxy section */
		E4B8A73F2C46213A000049E6 /* PBXContainerItemProxy */ = {
			isa = PBXContainerItemProxy;
			containerPortal = E4B8A71B2C462138000049E6 /* Project object */;
			proxyType = 1;
			remoteGlobalIDString = E4B8A7222C462138000049E6;
			remoteInfo = LoginScreenDemo;
		};
		E4B8A7492C46213A000049E6 /* PBXContainerItemProxy */ = {
			isa = PBXContainerItemProxy;
			containerPortal = E4B8A71B2C462138000049E6 /* Project object */;
			proxyType = 1;
			remoteGlobalIDString = E4B8A7222C462138000049E6;
			remoteInfo = LoginScreenDemo;
		};
/* End PBXContainerItemProxy section */

/* Begin PBXFileReference section */
		E4B8A7232C462138000049E6 /* LoginScreenDemo.app */ = {isa = PBXFileReference; explicitFileType = wrapper.application; includeInIndex = 0; path = LoginScreenDemo.app; sourceTree = BUILT_PRODUCTS_DIR; };
		E4B8A7262C462138000049E6 /* AppDelegate.h */ = {isa = PBXFileReference; lastKnownFileType = sourcecode.c.h; path = AppDelegate.h; sourceTree = "<group>"; };
		E4B8A7272C462138000049E6 /* AppDelegate.m */ = {isa = PBXFileReference; lastKnownFileType = sourcecode.c.objc; path = AppDelegate.m; sourceTree = "<group>"; };
		E4B8A7292C462138000049E6 /* SceneDelegate.h */ = {isa = PBXFileReference; lastKnownFileType = sourcecode.c.h; path = SceneDelegate.h; sourceTree = "<group>"; };
		E4B8A72A2C462138000049E6 /* SceneDelegate.m */ = {isa = PBXFileReference; lastKnownFileType = sourcecode.c.objc; path = SceneDelegate.m; sourceTree = "<group>"; };
		E4B8A72C2C462138000049E6 /* ViewController.h */ = {isa = PBXFileReference; lastKnownFileType = sourcecode.c.h; path = ViewController.h; sourceTree = "<group>"; };
		E4B8A72D2C462138000049E6 /* ViewController.m */ = {isa = PBXFileReference; lastKnownFileType = sourcecode.c.objc; path = ViewController.m; sourceTree = "<group>"; };
		E4B8A7302C462138000049E6 /* Base */ = {isa = PBXFileReference; lastKnownFileType = file.storyboard; name = Base; path = Base.lproj/Main.storyboard; sourceTree = "<group>"; };
		E4B8A7322C46213A000049E6 /* Assets.xcassets */ = {isa = PBXFileReference; lastKnownFileType = folder.assetcatalog; path = Assets.xcassets; sourceTree = "<group>"; };
		E4B8A7352C46213A000049E6 /* Base */ = {isa = PBXFileReference; lastKnownFileType = file.storyboard; name = Base; path = Base.lproj/LaunchScreen.storyboard; sourceTree = "<group>"; };
		E4B8A7372C46213A000049E6 /* Info.plist */ = {isa = PBXFileReference; lastKnownFileType = text.plist.xml; path = Info.plist; sourceTree = "<group>"; };
		E4B8A7382C46213A000049E6 /* main.m */ = {isa = PBXFileReference; lastKnownFileType = sourcecode.c.objc; path = main.m; sourceTree = "<group>"; };
		E4B8A73E2C46213A000049E6 /* LoginScreenDemoTests.xctest */ = {isa = PBXFileReference; explicitFileType = wrapper.cfbundle; includeInIndex = 0; path = LoginScreenDemoTests.xctest; sourceTree = BUILT_PRODUCTS_DIR; };
		E4B8A7422C46213A000049E6 /* LoginScreenDemoTests.m */ = {isa = PBXFileReference; lastKnownFileType = sourcecode.c.objc; path = LoginScreenDemoTests.m; sourceTree = "<group>"; };
		E4B8A7482C46213A000049E6 /* LoginScreenDemoUITests.xctest */ = {isa = PBXFileReference; explicitFileType = wrapper.cfbundle; includeInIndex = 0; path = LoginScreenDemoUITests.xctest; sourceTree = BUILT_PRODUCTS_DIR; };
		E4B8A74C2C46213A000049E6 /* LoginScreenDemoUITests.m */ = {isa = PBXFileReference; lastKnownFileType = sourcecode.c.objc; path = LoginScreenDemoUITests.m; sourceTree = "<group>"; };
		E4B8A74E2C46213A000049E6 /* LoginScreenDemoUITestsLaunchTests.m */ = {isa = PBXFileReference; lastKnownFileType = sourcecode.c.objc; path = LoginScreenDemoUITestsLaunchTests.m; sourceTree = "<group>"; };
/* End PBXFileReference section */

/* Begin PBXFrameworksBuildPhase section */
		E4B8A7202C462138000049E6 /* Frameworks */ = {
			isa = PBXFrameworksBuildPhase;
			buildActionMask = 2147483647;
			files = (
			);
			runOnlyForDeploymentPostprocessing = 0;
		};
		E4B8A73B2C46213A000049E6 /* Frameworks */ = {
			isa = PBXFrameworksBuildPhase;
			buildActionMask = 2147483647;
			files = (
			);
			runOnlyForDeploymentPostprocessing = 0;
		};
		E4B8A7452C46213A000049E6 /* Frameworks */ = {
			isa = PBXFrameworksBuildPhase;
			buildActionMask = 2147483647;
			files = (
			);
			runOnlyForDeploymentPostprocessing = 0;
		};
/* End PBXFrameworksBuildPhase section */

/* Begin PBXGroup section */
		E4B8A71A2C462138000049E6 = {
			isa = PBXGroup;
			children = (
				E4B8A7252C462138000049E6 /* LoginScreenDemo */,
				E4B8A7412C46213A000049E6 /* LoginScreenDemoTests */,
				E4B8A74B2C46213A000049E6 /* LoginScreenDemoUITests */,
				E4B8A7242C462138000049E6 /* Products */,
			);
			sourceTree = "<group>";
		};
		E4B8A7242C462138000049E6 /* Products */ = {
			isa = PBXGroup;
			children = (
				E4B8A7232C462138000049E6 /* LoginScreenDemo.app */,
				E4B8A73E2C46213A000049E6 /* LoginScreenDemoTests.xctest */,
				E4B8A7482C46213A000049E6 /* LoginScreenDemoUITests.xctest */,
			);
			name = Products;
			sourceTree = "<group>";
		};
		E4B8A7252C462138000049E6 /* LoginScreenDemo */ = {
			isa = PBXGroup;
			children = (
				E4B8A7262C462138000049E6 /* AppDelegate.h */,
				E4B8A7272C462138000049E6 /* AppDelegate.m */,
				E4B8A7292C462138000049E6 /* SceneDelegate.h */,
				E4B8A72A2C462138000049E6 /* SceneDelegate.m */,
				E4B8A72C2C462138000049E6 /* ViewController.h */,
				E4B8A72D2C462138000049E6 /* ViewController.m */,
				E4B8A72F2C462138000049E6 /* Main.storyboard */,
				E4B8A7322C46213A000049E6 /* Assets.xcassets */,
				E4B8A7342C46213A000049E6 /* LaunchScreen.storyboard */,
				E4B8A7372C46213A000049E6 /* Info.plist */,
				E4B8A7382C46213A000049E6 /* main.m */,
			);
			path = LoginScreenDemo;
			sourceTree = "<group>";
		};
		E4B8A7412C46213A000049E6 /* LoginScreenDemoTests */ = {
			isa = PBXGroup;
			children = (
				E4B8A7422C46213A000049E6 /* LoginScreenDemoTests.m */,
			);
			path = LoginScreenDemoTests;
			sourceTree = "<group>";
		};
		E4B8A74B2C46213A000049E6 /* LoginScreenDemoUITests */ = {
			isa = PBXGroup;
			children = (
				E4B8A74C2C46213A000049E6 /* LoginScreenDemoUITests.m */,
				E4B8A74E2C46213A000049E6 /* LoginScreenDemoUITestsLaunchTests.m */,
			);
			path = LoginScreenDemoUITests;
			sourceTree = "<group>";
		};
/* End PBXGroup section */

/* Begin PBXNativeTarget section */
		E4B8A7222C462138000049E6 /* LoginScreenDemo */ = {
			isa = PBXNativeTarget;
			buildConfigurationList = E4B8A7522C46213A000049E6 /* Build configuration list for PBXNativeTarget "LoginScreenDemo" */;
			buildPhases = (
				E4B8A71F2C462138000049E6 /* Sources */,
				E4B8A7202C462138000049E6 /* Frameworks */,
				E4B8A7212C462138000049E6 /* Resources */,
			);
			buildRules = (
			);
			dependencies = (
			);
			name = LoginScreenDemo;
			productName = LoginScreenDemo;
			productReference = E4B8A7232C462138000049E6 /* LoginScreenDemo.app */;
			productType = "com.apple.product-type.application";
		};
		E4B8A73D2C46213A000049E6 /* LoginScreenDemoTests */ = {
			isa = PBXNativeTarget;
			buildConfigurationList = E4B8A7552C46213A000049E6 /* Build configuration list for PBXNativeTarget "LoginScreenDemoTests" */;
			buildPhases = (
				E4B8A73A2C46213A000049E6 /* Sources */,
				E4B8A73B2C46213A000049E6 /* Frameworks */,
				E4B8A73C2C46213A000049E6 /* Resources */,
			);
			buildRules = (
			);
			dependencies = (
				E4B8A7402C46213A000049E6 /* PBXTargetDependency */,
			);
			name = LoginScreenDemoTests;
			productName = LoginScreenDemoTests;
			productReference = E4B8A73E2C46213A000049E6 /* LoginScreenDemoTests.xctest */;
			productType = "com.apple.product-type.bundle.unit-test";
		};
		E4B8A7472C46213A000049E6 /* LoginScreenDemoUITests */ = {
			isa = PBXNativeTarget;
			buildConfigurationList = E4B8A7582C46213A000049E6 /* Build configuration list for PBXNativeTarget "LoginScreenDemoUITests" */;
			buildPhases = (
				E4B8A7442C46213A000049E6 /* Sources */,
				E4B8A7452C46213A000049E6 /* Frameworks */,
				E4B8A7462C46213A000049E6 /* Resources */,
			);
			buildRules = (
			);
			dependencies = (
				E4B8A74A2C46213A000049E6 /* PBXTargetDependency */,
			);
			name = LoginScreenDemoUITests;
			productName = LoginScreenDemoUITests;
			productReference = E4B8A7482C46213A000049E6 /* LoginScreenDemoUITests.xctest */;
			productType = "com.apple.product-type.bundle.ui-testing";
		};
/* End PBXNativeTarget section */

/* Begin PBXProject section */
		E4B8A71B2C462138000049E6 /* Project object */ = {
			isa = PBXProject;
			attributes = {
				BuildIndependentTargetsInParallel = 1;
				LastUpgradeCheck = 1510;
				TargetAttributes = {
					E4B8A7222C462138000049E6 = {
						CreatedOnToolsVersion = 15.1;
					};
					E4B8A73D2C46213A000049E6 = {
						CreatedOnToolsVersion = 15.1;
						TestTargetID = E4B8A7222C462138000049E6;
					};
					E4B8A7472C46213A000049E6 = {
						CreatedOnToolsVersion = 15.1;
						TestTargetID = E4B8A7222C462138000049E6;
					};
				};
			};
			buildConfigurationList = E4B8A71E2C462138000049E6 /* Build configuration list for PBXProject "LoginScreenDemo" */;
			compatibilityVersion = "Xcode 14.0";
			developmentRegion = en;
			hasScannedForEncodings = 0;
			knownRegions = (
				en,
				Base,
			);
			mainGroup = E4B8A71A2C462138000049E6;
			productRefGroup = E4B8A7242C462138000049E6 /* Products */;
			projectDirPath = "";
			projectRoot = "";
			targets = (
				E4B8A7222C462138000049E6 /* LoginScreenDemo */,
				E4B8A73D2C46213A000049E6 /* LoginScreenDemoTests */,
				E4B8A7472C46213A000049E6 /* LoginScreenDemoUITests */,
			);
		};
/* End PBXProject section */

/* Begin PBXResourcesBuildPhase section */
		E4B8A7212C462138000049E6 /* Resources */ = {
			isa = PBXResourcesBuildPhase;
			buildActionMask = 2147483647;
			files = (
				E4B8A7362C46213A000049E6 /* LaunchScreen.storyboard in Resources */,
				E4B8A7332C46213A000049E6 /* Assets.xcassets in Resources */,
				E4B8A7312C462138000049E6 /* Main.storyboard in Resources */,
			);
			runOnlyForDeploymentPostprocessing = 0;
		};
		E4B8A73C2C46213A000049E6 /* Resources */ = {
			isa = PBXResourcesBuildPhase;
			buildActionMask = 2147483647;
			files = (
			);
			runOnlyForDeploymentPostprocessing = 0;
		};
		E4B8A7462C46213A000049E6 /* Resources */ = {
			isa = PBXResourcesBuildPhase;
			buildActionMask = 2147483647;
			files = (
			);
			runOnlyForDeploymentPostprocessing = 0;
		};
/* End PBXResourcesBuildPhase section */

/* Begin PBXSourcesBuildPhase section */
		E4B8A71F2C462138000049E6 /* Sources */ = {
			isa = PBXSourcesBuildPhase;
			buildActionMask = 2147483647;
			files = (
				E4B8A72E2C462138000049E6 /* ViewController.m in Sources */,
				E4B8A7282C462138000049E6 /* AppDelegate.m in Sources */,
				E4B8A7392C46213A000049E6 /* main.m in Sources */,
				E4B8A72B2C462138000049E6 /* SceneDelegate.m in Sources */,
			);
			runOnlyForDeploymentPostprocessing = 0;
		};
		E4B8A73A2C46213A000049E6 /* Sources */ = {
			isa = PBXSourcesBuildPhase;
			buildActionMask = 2147483647;
			files = (
				E4B8A7432C46213A000049E6 /* LoginScreenDemoTests.m in Sources */,
			);
			runOnlyForDeploymentPostprocessing = 0;
		};
		E4B8A7442C46213A000049E6 /* Sources */ = {
			isa = PBXSourcesBuildPhase;
			buildActionMask = 2147483647;
			files = (
				E4B8A74D2C46213A000049E6 /* LoginScreenDemoUITests.m in Sources */,
				E4B8A74F2C46213A000049E6 /* LoginScreenDemoUITestsLaunchTests.m in Sources */,
			);
			runOnlyForDeploymentPostprocessing = 0;
		};
/* End PBXSourcesBuildPhase section */

/* Begin PBXTargetDependency section */
		E4B8A7402C46213A000049E6 /* PBXTargetDependency */ = {
			isa = PBXTargetDependency;
			target = E4B8A7222C462138000049E6 /* LoginScreenDemo */;
			targetProxy = E4B8A73F2C46213A000049E6 /* PBXContainerItemProxy */;
		};
		E4B8A74A2C46213A000049E6 /* PBXTargetDependency */ = {
			isa = PBXTargetDependency;
			target = E4B8A7222C462138000049E6 /* LoginScreenDemo */;
			targetProxy = E4B8A7492C46213A000049E6 /* PBXContainerItemProxy */;
		};
/* End PBXTargetDependency section */

/* Begin PBXVariantGroup section */
		E4B8A72F2C462138000049E6 /* Main.storyboard */ = {
			isa = PBXVariantGroup;
			children = (
				E4B8A7302C462138000049E6 /* Base */,
			);
			name = Main.storyboard;
			sourceTree = "<group>";
		};
		E4B8A7342C46213A000049E6 /* LaunchScreen.storyboard */ = {
			isa = PBXVariantGroup;
			children = (
				E4B8A7352C46213A000049E6 /* Base */,
			);
			name = LaunchScreen.storyboard;
			sourceTree = "<group>";
		};
/* End PBXVariantGroup section */

/* Begin XCBuildConfiguration section */
		E4B8A7502C46213A000049E6 /* Debug */ = {
			isa = XCBuildConfiguration;
			buildSettings = {
				ALWAYS_SEARCH_USER_PATHS = NO;
				ASSETCATALOG_COMPILER_GENERATE_SWIFT_ASSET_SYMBOL_EXTENSIONS = YES;
				CLANG_ANALYZER_NONNULL = YES;
				CLANG_ANALYZER_NUMBER_OBJECT_CONVERSION = YES_AGGRESSIVE;
				CLANG_CXX_LANGUAGE_STANDARD = "gnu++20";
				CLANG_ENABLE_MODULES = YES;
				CLANG_ENABLE_OBJC_ARC = YES;
				CLANG_ENABLE_OBJC_WEAK = YES;
				CLANG_WARN_BLOCK_CAPTURE_AUTORELEASING = YES;
				CLANG_WARN_BOOL_CONVERSION = YES;
				CLANG_WARN_COMMA = YES;
				CLANG_WARN_CONSTANT_CONVERSION = YES;
				CLANG_WARN_DEPRECATED_OBJC_IMPLEMENTATIONS = YES;
				CLANG_WARN_DIRECT_OBJC_ISA_USAGE = YES_ERROR;
				CLANG_WARN_DOCUMENTATION_COMMENTS = YES;
				CLANG_WARN_EMPTY_BODY = YES;
				CLANG_WARN_ENUM_CONVERSION = YES;
				CLANG_WARN_INFINITE_RECURSION = YES;
				CLANG_WARN_INT_CONVERSION = YES;
				CLANG_WARN_NON_LITERAL_NULL_CONVERSION = YES;
				CLANG_WARN_OBJC_IMPLICIT_RETAIN_SELF = YES;
				CLANG_WARN_OBJC_LITERAL_CONVERSION = YES;
				CLANG_WARN_OBJC_ROOT_CLASS = YES_ERROR;
				CLANG_WARN_QUOTED_INCLUDE_IN_FRAMEWORK_HEADER = YES;
				CLANG_WARN_RANGE_LOOP_ANALYSIS = YES;
				CLANG_WARN_STRICT_PROTOTYPES = YES;
				CLANG_WARN_SUSPICIOUS_MOVE = YES;
				CLANG_WARN_UNGUARDED_AVAILABILITY = YES_AGGRESSIVE;
				CLANG_WARN_UNREACHABLE_CODE = YES;
				CLANG_WARN__DUPLICATE_METHOD_MATCH = YES;
				COPY_PHASE_STRIP = NO;
				DEBUG_INFORMATION_FORMAT = dwarf;
				ENABLE_STRICT_OBJC_MSGSEND = YES;
				ENABLE_TESTABILITY = YES;
				ENABLE_USER_SCRIPT_SANDBOXING = YES;
				GCC_C_LANGUAGE_STANDARD = gnu17;
				GCC_DYNAMIC_NO_PIC = NO;
				GCC_NO_COMMON_BLOCKS = YES;
				GCC_OPTIMIZATION_LEVEL = 0;
				GCC_PREPROCESSOR_DEFINITIONS = (
					"DEBUG=1",
					"$(inherited)",
				);
				GCC_WARN_64_TO_32_BIT_CONVERSION = YES;
				GCC_WARN_ABOUT_RETURN_TYPE = YES_ERROR;
				GCC_WARN_UNDECLARED_SELECTOR = YES;
				GCC_WARN_UNINITIALIZED_AUTOS = YES_AGGRESSIVE;
				GCC_WARN_UNUSED_FUNCTION = YES;
				GCC_WARN_UNUSED_VARIABLE = YES;
				IPHONEOS_DEPLOYMENT_TARGET = 17.2;
				LOCALIZATION_PREFERS_STRING_CATALOGS = YES;
				MTL_ENABLE_DEBUG_INFO = INCLUDE_SOURCE;
				MTL_FAST_MATH = YES;
				ONLY_ACTIVE_ARCH = YES;
				SDKROOT = iphoneos;
			};
			name = Debug;
		};
		E4B8A7512C46213A000049E6 /* Release */ = {
			isa = XCBuildConfiguration;
			buildSettings = {
				ALWAYS_SEARCH_USER_PATHS = NO;
				ASSETCATALOG_COMPILER_GENERATE_SWIFT_ASSET_SYMBOL_EXTENSIONS = YES;
				CLANG_ANALYZER_NONNULL = YES;
				CLANG_ANALYZER_NUMBER_OBJECT_CONVERSION = YES_AGGRESSIVE;
				CLANG_CXX_LANGUAGE_STANDARD = "gnu++20";
				CLANG_ENABLE_MODULES = YES;
				CLANG_ENABLE_OBJC_ARC = YES;
				CLANG_ENABLE_OBJC_WEAK = YES;
				CLANG_WARN_BLOCK_CAPTURE_AUTORELEASING = YES;
				CLANG_WARN_BOOL_CONVERSION = YES;
				CLANG_WARN_COMMA = YES;
				CLANG_WARN_CONSTANT_CONVERSION = YES;
				CLANG_WARN_DEPRECATED_OBJC_IMPLEMENTATIONS = YES;
				CLANG_WARN_DIRECT_OBJC_ISA_USAGE = YES_ERROR;
				CLANG_WARN_DOCUMENTATION_COMMENTS = YES;
				CLANG_WARN_EMPTY_BODY = YES;
				CLANG_WARN_ENUM_CONVERSION = YES;
				CLANG_WARN_INFINITE_RECURSION = YES;
				CLANG_WARN_INT_CONVERSION = YES;
				CLANG_WARN_NON_LITERAL_NULL_CONVERSION = YES;
				CLANG_WARN_OBJC_IMPLICIT_RETAIN_SELF = YES;
				CLANG_WARN_OBJC_LITERAL_CONVERSION = YES;
				CLANG_WARN_OBJC_ROOT_CLASS = YES_ERROR;
				CLANG_WARN_QUOTED_INCLUDE_IN_FRAMEWORK_HEADER = YES;
				CLANG_WARN_RANGE_LOOP_ANALYSIS = YES;
				CLANG_WARN_STRICT_PROTOTYPES = YES;
				CLANG_WARN_SUSPICIOUS_MOVE = YES;
				CLANG_WARN_UNGUARDED_AVAILABILITY = YES_AGGRESSIVE;
				CLANG_WARN_UNREACHABLE_CODE = YES;
				CLANG_WARN__DUPLICATE_METHOD_MATCH = YES;
				COPY_PHASE_STRIP = NO;
				DEBUG_INFORMATION_FORMAT = "dwarf-with-dsym";
				ENABLE_NS_ASSERTIONS = NO;
				ENABLE_STRICT_OBJC_MSGSEND = YES;
				ENABLE_USER_SCRIPT_SANDBOXING = YES;
				GCC_C_LANGUAGE_STANDARD = gnu17;
				GCC_NO_COMMON_BLOCKS = YES;
				GCC_WARN_64_TO_32_BIT_CONVERSION = YES;
				GCC_WARN_ABOUT_RETURN_TYPE = YES_ERROR;
				GCC_WARN_UNDECLARED_SELECTOR = YES;
				GCC_WARN_UNINITIALIZED_AUTOS = YES_AGGRESSIVE;
				GCC_WARN_UNUSED_FUNCTION = YES;
				GCC_WARN_UNUSED_VARIABLE = YES;
				IPHONEOS_DEPLOYMENT_TARGET = 17.2;
				LOCALIZATION_PREFERS_STRING_CATALOGS = YES;
				MTL_ENABLE_DEBUG_INFO = NO;
				MTL_FAST_MATH = YES;
				SDKROOT = iphoneos;
				VALIDATE_PRODUCT = YES;
			};
			name = Release;
		};
		E4B8A7532C46213A000049E6 /* Debug */ = {
			isa = XCBuildConfiguration;
			buildSettings = {
				ASSETCATALOG_COMPILER_APPICON_NAME = AppIcon;
				ASSETCATALOG_COMPILER_GLOBAL_ACCENT_COLOR_NAME = AccentColor;
				CODE_SIGN_STYLE = Automatic;
				CURRENT_PROJECT_VERSION = 1;
				GENERATE_INFOPLIST_FILE = YES;
				INFOPLIST_FILE = LoginScreenDemo/Info.plist;
				INFOPLIST_KEY_UIApplicationSupportsIndirectInputEvents = YES;
				INFOPLIST_KEY_UILaunchStoryboardName = LaunchScreen;
				INFOPLIST_KEY_UIMainStoryboardFile = Main;
				INFOPLIST_KEY_UISupportedInterfaceOrientations_iPad = "UIInterfaceOrientationPortrait UIInterfaceOrientationPortraitUpsideDown UIInterfaceOrientationLandscapeLeft UIInterfaceOrientationLandscapeRight";
				INFOPLIST_KEY_UISupportedInterfaceOrientations_iPhone = "UIInterfaceOrientationPortrait UIInterfaceOrientationLandscapeLeft UIInterfaceOrientationLandscapeRight";
				LD_RUNPATH_SEARCH_PATHS = (
					"$(inherited)",
					"@executable_path/Frameworks",
				);
				MARKETING_VERSION = 1.0;
				PRODUCT_BUNDLE_IDENTIFIER = theo.LoginScreenDemo;
				PRODUCT_NAME = "$(TARGET_NAME)";
				SWIFT_EMIT_LOC_STRINGS = YES;
				TARGETED_DEVICE_FAMILY = "1,2";
			};
			name = Debug;
		};
		E4B8A7542C46213A000049E6 /* Release */ = {
			isa = XCBuildConfiguration;
			buildSettings = {
				ASSETCATALOG_COMPILER_APPICON_NAME = AppIcon;
				ASSETCATALOG_COMPILER_GLOBAL_ACCENT_COLOR_NAME = AccentColor;
				CODE_SIGN_STYLE = Automatic;
				CURRENT_PROJECT_VERSION = 1;
				GENERATE_INFOPLIST_FILE = YES;
				INFOPLIST_FILE = LoginScreenDemo/Info.plist;
				INFOPLIST_KEY_UIApplicationSupportsIndirectInputEvents = YES;
				INFOPLIST_KEY_UILaunchStoryboardName = LaunchScreen;
				INFOPLIST_KEY_UIMainStoryboardFile = Main;
				INFOPLIST_KEY_UISupportedInterfaceOrientations_iPad = "UIInterfaceOrientationPortrait UIInterfaceOrientationPortraitUpsideDown UIInterfaceOrientationLandscapeLeft UIInterfaceOrientationLandscapeRight";
				INFOPLIST_KEY_UISupportedInterfaceOrientations_iPhone = "UIInterfaceOrientationPortrait UIInterfaceOrientationLandscapeLeft UIInterfaceOrientationLandscapeRight";
				LD_RUNPATH_SEARCH_PATHS = (
					"$(inherited)",
					"@executable_path/Frameworks",
				);
				MARKETING_VERSION = 1.0;
				PRODUCT_BUNDLE_IDENTIFIER = theo.LoginScreenDemo;
				PRODUCT_NAME = "$(TARGET_NAME)";
				SWIFT_EMIT_LOC_STRINGS = YES;
				TARGETED_DEVICE_FAMILY = "1,2";
			};
			name = Release;
		};
		E4B8A7562C46213A000049E6 /* Debug */ = {
			isa = XCBuildConfiguration;
			buildSettings = {
				BUNDLE_LOADER = "$(TEST_HOST)";
				CODE_SIGN_STYLE = Automatic;
				CURRENT_PROJECT_VERSION = 1;
				GENERATE_INFOPLIST_FILE = YES;
				IPHONEOS_DEPLOYMENT_TARGET = 17.2;
				MARKETING_VERSION = 1.0;
				PRODUCT_BUNDLE_IDENTIFIER = theo.LoginScreenDemoTests;
				PRODUCT_NAME = "$(TARGET_NAME)";
				SWIFT_EMIT_LOC_STRINGS = NO;
				TARGETED_DEVICE_FAMILY = "1,2";
				TEST_HOST = "$(BUILT_PRODUCTS_DIR)/LoginScreenDemo.app/$(BUNDLE_EXECUTABLE_FOLDER_PATH)/LoginScreenDemo";
			};
			name = Debug;
		};
		E4B8A7572C46213A000049E6 /* Release */ = {
			isa = XCBuildConfiguration;
			buildSettings = {
				BUNDLE_LOADER = "$(TEST_HOST)";
				CODE_SIGN_STYLE = Automatic;
				CURRENT_PROJECT_VERSION = 1;
				GENERATE_INFOPLIST_FILE = YES;
				IPHONEOS_DEPLOYMENT_TARGET = 17.2;
				MARKETING_VERSION = 1.0;
				PRODUCT_BUNDLE_IDENTIFIER = theo.LoginScreenDemoTests;
				PRODUCT_NAME = "$(TARGET_NAME)";
				SWIFT_EMIT_LOC_STRINGS = NO;
				TARGETED_DEVICE_FAMILY = "1,2";
				TEST_HOST = "$(BUILT_PRODUCTS_DIR)/LoginScreenDemo.app/$(BUNDLE_EXECUTABLE_FOLDER_PATH)/LoginScreenDemo";
			};
			name = Release;
		};
		E4B8A7592C46213A000049E6 /* Debug */ = {
			isa = XCBuildConfiguration;
			buildSettings = {
				CODE_SIGN_STYLE = Automatic;
				CURRENT_PROJECT_VERSION = 1;
				GENERATE_INFOPLIST_FILE = YES;
				MARKETING_VERSION = 1.0;
				PRODUCT_BUNDLE_IDENTIFIER = theo.LoginScreenDemoUITests;
				PRODUCT_NAME = "$(TARGET_NAME)";
				SWIFT_EMIT_LOC_STRINGS = NO;
				TARGETED_DEVICE_FAMILY = "1,2";
				TEST_TARGET_NAME = LoginScreenDemo;
			};
			name = Debug;
		};
		E4B8A75A2C46213A000049E6 /* Release */ = {
			isa = XCBuildConfiguration;
			buildSettings = {
				CODE_SIGN_STYLE = Automatic;
				CURRENT_PROJECT_VERSION = 1;
				GENERATE_INFOPLIST_FILE = YES;
				MARKETING_VERSION = 1.0;
				PRODUCT_BUNDLE_IDENTIFIER = theo.LoginScreenDemoUITests;
				PRODUCT_NAME = "$(TARGET_NAME)";
				SWIFT_EMIT_LOC_STRINGS = NO;
				TARGETED_DEVICE_FAMILY = "1,2";
				TEST_TARGET_NAME = LoginScreenDemo;
			};
			name = Release;
		};
/* End XCBuildConfiguration section */

/* Begin XCConfigurationList section */
		E4B8A71E2C462138000049E6 /* Build configuration list for PBXProject "LoginScreenDemo" */ = {
			isa = XCConfigurationList;
			buildConfigurations = (
				E4B8A7502C46213A000049E6 /* Debug */,
				E4B8A7512C46213A000049E6 /* Release */,
			);
			defaultConfigurationIsVisible = 0;
			defaultConfigurationName = Release;
		};
		E4B8A7522C46213A000049E6 /* Build configuration list for PBXNativeTarget "LoginScreenDemo" */ = {
			isa = XCConfigurationList;
			buildConfigurations = (
				E4B8A7532C46213A000049E6 /* Debug */,
				E4B8A7542C46213A000049E6 /* Release */,
			);
			defaultConfigurationIsVisible = 0;
			defaultConfigurationName = Release;
		};
		E4B8A7552C46213A000049E6 /* Build configuration list for PBXNativeTarget "LoginScreenDemoTests" */ = {
			isa = XCConfigurationList;
			buildConfigurations = (
				E4B8A7562C46213A000049E6 /* Debug */,
				E4B8A7572C46213A000049E6 /* Release */,
			);
			defaultConfigurationIsVisible = 0;
			defaultConfigurationName = Release;
		};
		E4B8A7582C46213A000049E6 /* Build configuration list for PBXNativeTarget "LoginScreenDemoUITests" */ = {
			isa = XCConfigurationList;
			buildConfigurations = (
				E4B8A7592C46213A000049E6 /* Debug */,
				E4B8A75A2C46213A000049E6 /* Release */,
			);
			defaultConfigurationIsVisible = 0;
			defaultConfigurationName = Release;
		};
/* End XCConfigurationList section */
	};
	rootObject = E4B8A71B2C462138000049E6 /* Project object */;
}
